PODS:
  - PDFGenerator (3.1.0)
  - SnapKit (5.6.0)

DEPENDENCIES:
  - PDFGenerator (~> 3.1)
  - SnapKit

SPEC REPOS:
  trunk:
    - PDFGenerator
    - SnapKit

SPEC CHECKSUMS:
  PDFGenerator: 17d6bc525db0a3fcd156fbf00f9d1b8d5cc75d1e
  SnapKit: e01d52ebb8ddbc333eefe2132acf85c8227d9c25

PODFILE CHECKSUM: b8984b60eca0e75bfa333604618b1ac3a7ba7cf7

COCOAPODS: 1.11.3
