// !$*UTF8*$!
{
	archiveVersion = 1;
	classes = {
	};
	objectVersion = 55;
	objects = {

/* Begin PBXBuildFile section */
		0FF2F8E119E2B584266FEBE1 /* Pods_EHM.framework in Frameworks */ = {isa = PBXBuildFile; fileRef = 38BAB3028996E30876B557E2 /* Pods_EHM.framework */; };
		9600649F2938C3F10033B906 /* AlbumViewController+Constraints.swift in Sources */ = {isa = PBXBuildFile; fileRef = 9600649E2938C3F10033B906 /* AlbumViewController+Constraints.swift */; };
		960BE7EB2939DF9900CE92E9 /* AlbumsCollectionViewCell.swift in Sources */ = {isa = PBXBuildFile; fileRef = 960BE7EA2939DF9900CE92E9 /* AlbumsCollectionViewCell.swift */; };
		960BE7ED293A5AD500CE92E9 /* BandViewController+UICollectionViewDataSource.swift in Sources */ = {isa = PBXBuildFile; fileRef = 960BE7EC293A5AD500CE92E9 /* BandViewController+UICollectionViewDataSource.swift */; };
		960BE7EF293A5AEA00CE92E9 /* BandViewController+UICollectionViewDelegateFlowLayout.swift in Sources */ = {isa = PBXBuildFile; fileRef = 960BE7EE293A5AEA00CE92E9 /* BandViewController+UICollectionViewDelegateFlowLayout.swift */; };
		960BE7F1293A66CB00CE92E9 /* NetworkError.swift in Sources */ = {isa = PBXBuildFile; fileRef = 960BE7F0293A66CB00CE92E9 /* NetworkError.swift */; };
		960BE7F3293B771100CE92E9 /* BandViewController+UICollectionViewDelegate.swift in Sources */ = {isa = PBXBuildFile; fileRef = 960BE7F2293B771100CE92E9 /* BandViewController+UICollectionViewDelegate.swift */; };
		960BE7F5293B8ACE00CE92E9 /* MemberProvidedData.swift in Sources */ = {isa = PBXBuildFile; fileRef = 960BE7F4293B8ACE00CE92E9 /* MemberProvidedData.swift */; };
		960BE7F9293B92D800CE92E9 /* MemberTableViewCell.swift in Sources */ = {isa = PBXBuildFile; fileRef = 960BE7F8293B92D800CE92E9 /* MemberTableViewCell.swift */; };
		960BE7FD293B946B00CE92E9 /* BandViewController+UITableViewDataSource.swift in Sources */ = {isa = PBXBuildFile; fileRef = 960BE7FC293B946B00CE92E9 /* BandViewController+UITableViewDataSource.swift */; };
		960BE805293CD79C00CE92E9 /* MemberDataProvider.swift in Sources */ = {isa = PBXBuildFile; fileRef = 960BE804293CD79C00CE92E9 /* MemberDataProvider.swift */; };
		960BE808293CD82E00CE92E9 /* MemberViewController.swift in Sources */ = {isa = PBXBuildFile; fileRef = 960BE807293CD82E00CE92E9 /* MemberViewController.swift */; };
		960BE80B293CDA4C00CE92E9 /* MemberViewController+UITableViewDataSource.swift in Sources */ = {isa = PBXBuildFile; fileRef = 960BE80A293CDA4C00CE92E9 /* MemberViewController+UITableViewDataSource.swift */; };
		960BE80D293CDA6800CE92E9 /* BandsTableViewCell.swift in Sources */ = {isa = PBXBuildFile; fileRef = 960BE80C293CDA6800CE92E9 /* BandsTableViewCell.swift */; };
		960BE80F293CDAAA00CE92E9 /* MemberViewController+DataProviderDelegate.swift in Sources */ = {isa = PBXBuildFile; fileRef = 960BE80E293CDAAA00CE92E9 /* MemberViewController+DataProviderDelegate.swift */; };
		960BE811293CE08400CE92E9 /* MemberCell.swift in Sources */ = {isa = PBXBuildFile; fileRef = 960BE810293CE08400CE92E9 /* MemberCell.swift */; };
		960BE813293CE0E000CE92E9 /* MemberViewModelItem.swift in Sources */ = {isa = PBXBuildFile; fileRef = 960BE812293CE0E000CE92E9 /* MemberViewModelItem.swift */; };
		961E4196293F11E900991FD6 /* UIScrollView+Constraints.swift in Sources */ = {isa = PBXBuildFile; fileRef = 961E4195293F11E900991FD6 /* UIScrollView+Constraints.swift */; };
		961E4198293F452B00991FD6 /* ImageLoader.swift in Sources */ = {isa = PBXBuildFile; fileRef = 961E4197293F452B00991FD6 /* ImageLoader.swift */; };
		9620961D29362DB400536ABC /* AlbumViewController+UITableViewDataSource.swift in Sources */ = {isa = PBXBuildFile; fileRef = 9620961C29362DB400536ABC /* AlbumViewController+UITableViewDataSource.swift */; };
		962096202936554900536ABC /* SongsTableCell.swift in Sources */ = {isa = PBXBuildFile; fileRef = 9620961F2936554900536ABC /* SongsTableCell.swift */; };
		9620962229366B7100536ABC /* AlbumViewController+UITableViewDelegate.swift in Sources */ = {isa = PBXBuildFile; fileRef = 9620962129366B7100536ABC /* AlbumViewController+UITableViewDelegate.swift */; };
		962096242937C15000536ABC /* AdditionalInfoView.swift in Sources */ = {isa = PBXBuildFile; fileRef = 962096232937C15000536ABC /* AdditionalInfoView.swift */; };
		96339BE12924DB3000332414 /* AlertPresenter.swift in Sources */ = {isa = PBXBuildFile; fileRef = 96339BE02924DB3000332414 /* AlertPresenter.swift */; };
		96339BE32925480500332414 /* AlertPresenterDelegate.swift in Sources */ = {isa = PBXBuildFile; fileRef = 96339BE22925480500332414 /* AlertPresenterDelegate.swift */; };
		96339BE52925492500332414 /* AlertModel.swift in Sources */ = {isa = PBXBuildFile; fileRef = 96339BE42925492500332414 /* AlertModel.swift */; };
		96339BE7292549F400332414 /* SearchViewController+AlertPresenterDelegate.swift in Sources */ = {isa = PBXBuildFile; fileRef = 96339BE6292549F400332414 /* SearchViewController+AlertPresenterDelegate.swift */; };
		96339BE929254C9700332414 /* SearchError.swift in Sources */ = {isa = PBXBuildFile; fileRef = 96339BE829254C9700332414 /* SearchError.swift */; };
		96339BF029260B8F00332414 /* AlbumViewController.swift in Sources */ = {isa = PBXBuildFile; fileRef = 96339BEF29260B8F00332414 /* AlbumViewController.swift */; };
		96339BF229260BAF00332414 /* BandViewController.swift in Sources */ = {isa = PBXBuildFile; fileRef = 96339BF129260BAF00332414 /* BandViewController.swift */; };
		96339BF52926877B00332414 /* AlbumDataProvider.swift in Sources */ = {isa = PBXBuildFile; fileRef = 96339BF42926877B00332414 /* AlbumDataProvider.swift */; };
		96339BF72926895F00332414 /* DataProviderProtocol.swift in Sources */ = {isa = PBXBuildFile; fileRef = 96339BF62926895F00332414 /* DataProviderProtocol.swift */; };
		96339BF929268AED00332414 /* DataProviderDelegate.swift in Sources */ = {isa = PBXBuildFile; fileRef = 96339BF829268AED00332414 /* DataProviderDelegate.swift */; };
		96339BFB29268B2900332414 /* AlbumViewController+DataProviderDelegate.swift in Sources */ = {isa = PBXBuildFile; fileRef = 96339BFA29268B2900332414 /* AlbumViewController+DataProviderDelegate.swift */; };
		96339BFD292693ED00332414 /* ProvidedData.swift in Sources */ = {isa = PBXBuildFile; fileRef = 96339BFC292693ED00332414 /* ProvidedData.swift */; };
		96339C0129269B9400332414 /* AlbumProvidedData.swift in Sources */ = {isa = PBXBuildFile; fileRef = 96339C0029269B9400332414 /* AlbumProvidedData.swift */; };
		964861C829214B670077C862 /* SearchService.swift in Sources */ = {isa = PBXBuildFile; fileRef = 964861C729214B670077C862 /* SearchService.swift */; };
		964861CA29214BAF0077C862 /* SearchServiceDelegate.swift in Sources */ = {isa = PBXBuildFile; fileRef = 964861C929214BAF0077C862 /* SearchServiceDelegate.swift */; };
		964861CC292206A20077C862 /* SearchViewController+SearchServiceDelegate.swift in Sources */ = {isa = PBXBuildFile; fileRef = 964861CB292206A20077C862 /* SearchViewController+SearchServiceDelegate.swift */; };
		964861CF292207170077C862 /* SearchServiceProtocol.swift in Sources */ = {isa = PBXBuildFile; fileRef = 964861CE292207170077C862 /* SearchServiceProtocol.swift */; };
		964861D12922157C0077C862 /* SearchViewController+UITableViewDataSource.swift in Sources */ = {isa = PBXBuildFile; fileRef = 964861D02922157C0077C862 /* SearchViewController+UITableViewDataSource.swift */; };
		964861D6292231C10077C862 /* SearchResultViewModelItem.swift in Sources */ = {isa = PBXBuildFile; fileRef = 964861D5292231C10077C862 /* SearchResultViewModelItem.swift */; };
		964861D9292234730077C862 /* AlbumViewModelItem.swift in Sources */ = {isa = PBXBuildFile; fileRef = 964861D8292234730077C862 /* AlbumViewModelItem.swift */; };
		964861DB2922348B0077C862 /* SongViewModelItem.swift in Sources */ = {isa = PBXBuildFile; fileRef = 964861DA2922348B0077C862 /* SongViewModelItem.swift */; };
		964861DD292234960077C862 /* BandViewModelItem.swift in Sources */ = {isa = PBXBuildFile; fileRef = 964861DC292234960077C862 /* BandViewModelItem.swift */; };
		964861DF292234DC0077C862 /* SearchViewModelItemType.swift in Sources */ = {isa = PBXBuildFile; fileRef = 964861DE292234DC0077C862 /* SearchViewModelItemType.swift */; };
		964861E12922385F0077C862 /* SearchResultViewModel.swift in Sources */ = {isa = PBXBuildFile; fileRef = 964861E02922385F0077C862 /* SearchResultViewModel.swift */; };
		964861E429225DDB0077C862 /* AlbumCell.swift in Sources */ = {isa = PBXBuildFile; fileRef = 964861E329225DDB0077C862 /* AlbumCell.swift */; };
		964861E629225DE00077C862 /* BandCell.swift in Sources */ = {isa = PBXBuildFile; fileRef = 964861E529225DE00077C862 /* BandCell.swift */; };
		964861E829225DE70077C862 /* SongCell.swift in Sources */ = {isa = PBXBuildFile; fileRef = 964861E729225DE70077C862 /* SongCell.swift */; };
		964861EA292343470077C862 /* SearchViewController+UITableViewDelegate.swift in Sources */ = {isa = PBXBuildFile; fileRef = 964861E9292343470077C862 /* SearchViewController+UITableViewDelegate.swift */; };
		96825A09293CE38700972B3C /* RedAccessoryView.swift in Sources */ = {isa = PBXBuildFile; fileRef = 96825A08293CE38700972B3C /* RedAccessoryView.swift */; };
		96825A0B293CFADE00972B3C /* MemberViewController+Constraints.swift in Sources */ = {isa = PBXBuildFile; fileRef = 96825A0A293CFADE00972B3C /* MemberViewController+Constraints.swift */; };
		96825A0E293D02FD00972B3C /* MembersViewController+UITableViewDelegate.swift in Sources */ = {isa = PBXBuildFile; fileRef = 96825A0D293D02FD00972B3C /* MembersViewController+UITableViewDelegate.swift */; };
		96825A10293D045D00972B3C /* BandViewController+UITableViewDelegate.swift in Sources */ = {isa = PBXBuildFile; fileRef = 96825A0F293D045D00972B3C /* BandViewController+UITableViewDelegate.swift */; };
		969CD0BC291B994F00EA5409 /* MainTabBarController.swift in Sources */ = {isa = PBXBuildFile; fileRef = 969CD0BB291B994F00EA5409 /* MainTabBarController.swift */; };
		969CD0BE291B9D5B00EA5409 /* SearchViewController.swift in Sources */ = {isa = PBXBuildFile; fileRef = 969CD0BD291B9D5B00EA5409 /* SearchViewController.swift */; };
		969CD0C0291B9D6700EA5409 /* ProfileViewController.swift in Sources */ = {isa = PBXBuildFile; fileRef = 969CD0BF291B9D6700EA5409 /* ProfileViewController.swift */; };
		969CD0CA291FD6DC00EA5409 /* NetworkClient.swift in Sources */ = {isa = PBXBuildFile; fileRef = 969CD0C9291FD6DC00EA5409 /* NetworkClient.swift */; };
		969CD0CC291FD9EA00EA5409 /* SearchViewController+SearchBarDelegate.swift in Sources */ = {isa = PBXBuildFile; fileRef = 969CD0CB291FD9EA00EA5409 /* SearchViewController+SearchBarDelegate.swift */; };
		969CD0CF291FE08B00EA5409 /* Album.swift in Sources */ = {isa = PBXBuildFile; fileRef = 969CD0CE291FE08B00EA5409 /* Album.swift */; };
		969CD0D1291FE3D500EA5409 /* Song.swift in Sources */ = {isa = PBXBuildFile; fileRef = 969CD0D0291FE3D500EA5409 /* Song.swift */; };
		969CD0D3291FE63500EA5409 /* Member.swift in Sources */ = {isa = PBXBuildFile; fileRef = 969CD0D2291FE63500EA5409 /* Member.swift */; };
		969CD0D5291FE75D00EA5409 /* Band.swift in Sources */ = {isa = PBXBuildFile; fileRef = 969CD0D4291FE75D00EA5409 /* Band.swift */; };
		969CD0D72921442A00EA5409 /* SearchResult.swift in Sources */ = {isa = PBXBuildFile; fileRef = 969CD0D62921442A00EA5409 /* SearchResult.swift */; };
		96C68239291B74C8008A9135 /* LaunchViewController.swift in Sources */ = {isa = PBXBuildFile; fileRef = 96C68238291B74C8008A9135 /* LaunchViewController.swift */; };
		96C68240291B76B1008A9135 /* FirstLaunchServiceProtocol.swift in Sources */ = {isa = PBXBuildFile; fileRef = 96C6823F291B76B1008A9135 /* FirstLaunchServiceProtocol.swift */; };
		96C68242291B7739008A9135 /* FirstLaunchService.swift in Sources */ = {isa = PBXBuildFile; fileRef = 96C68241291B7739008A9135 /* FirstLaunchService.swift */; };
		96D1DCA429338D1B00E0DCF5 /* SongDataProvider.swift in Sources */ = {isa = PBXBuildFile; fileRef = 96D1DCA329338D1B00E0DCF5 /* SongDataProvider.swift */; };
		96D1DCA629338E3700E0DCF5 /* SongsProvidedData.swift in Sources */ = {isa = PBXBuildFile; fileRef = 96D1DCA529338E3700E0DCF5 /* SongsProvidedData.swift */; };
		96E12D11291A8E650016081E /* AppDelegate.swift in Sources */ = {isa = PBXBuildFile; fileRef = 96E12D10291A8E650016081E /* AppDelegate.swift */; };
		96E12D13291A8E650016081E /* SceneDelegate.swift in Sources */ = {isa = PBXBuildFile; fileRef = 96E12D12291A8E650016081E /* SceneDelegate.swift */; };
		96E12D15291A8E650016081E /* StartViewController.swift in Sources */ = {isa = PBXBuildFile; fileRef = 96E12D14291A8E650016081E /* StartViewController.swift */; };
		96E12D18291A8E650016081E /* Main.storyboard in Resources */ = {isa = PBXBuildFile; fileRef = 96E12D16291A8E650016081E /* Main.storyboard */; };
		96E12D1A291A8E670016081E /* Assets.xcassets in Resources */ = {isa = PBXBuildFile; fileRef = 96E12D19291A8E670016081E /* Assets.xcassets */; };
		96E12D1D291A8E670016081E /* LaunchScreen.storyboard in Resources */ = {isa = PBXBuildFile; fileRef = 96E12D1B291A8E670016081E /* LaunchScreen.storyboard */; };
		96E12D25291AAC9E0016081E /* UIColor+Extensions.swift in Sources */ = {isa = PBXBuildFile; fileRef = 96E12D24291AAC9E0016081E /* UIColor+Extensions.swift */; };
		96E12D2A291AB11F0016081E /* UIImage+Alpha.swift in Sources */ = {isa = PBXBuildFile; fileRef = 96E12D29291AB11F0016081E /* UIImage+Alpha.swift */; };
		96F8F7EA2939BA8000F6EE34 /* Date+Extensions.swift in Sources */ = {isa = PBXBuildFile; fileRef = 96F8F7E92939BA8000F6EE34 /* Date+Extensions.swift */; };
		96F8F7EC2939D3DC00F6EE34 /* BandViewController+Constraints.swift in Sources */ = {isa = PBXBuildFile; fileRef = 96F8F7EB2939D3DC00F6EE34 /* BandViewController+Constraints.swift */; };
		96F8F7EE2939D76200F6EE34 /* BandDataProvider.swift in Sources */ = {isa = PBXBuildFile; fileRef = 96F8F7ED2939D76200F6EE34 /* BandDataProvider.swift */; };
		96F8F7F02939D9E600F6EE34 /* BandProvidedData.swift in Sources */ = {isa = PBXBuildFile; fileRef = 96F8F7EF2939D9E600F6EE34 /* BandProvidedData.swift */; };
		96F8F7F22939DAA900F6EE34 /* BandViewController+DataProviderDelegate.swift in Sources */ = {isa = PBXBuildFile; fileRef = 96F8F7F12939DAA900F6EE34 /* BandViewController+DataProviderDelegate.swift */; };
/* End PBXBuildFile section */

/* Begin PBXFileReference section */
		38BAB3028996E30876B557E2 /* Pods_EHM.framework */ = {isa = PBXFileReference; explicitFileType = wrapper.framework; includeInIndex = 0; path = Pods_EHM.framework; sourceTree = BUILT_PRODUCTS_DIR; };
		9600649E2938C3F10033B906 /* AlbumViewController+Constraints.swift */ = {isa = PBXFileReference; lastKnownFileType = sourcecode.swift; path = "AlbumViewController+Constraints.swift"; sourceTree = "<group>"; };
		960BE7EA2939DF9900CE92E9 /* AlbumsCollectionViewCell.swift */ = {isa = PBXFileReference; lastKnownFileType = sourcecode.swift; path = AlbumsCollectionViewCell.swift; sourceTree = "<group>"; };
		960BE7EC293A5AD500CE92E9 /* BandViewController+UICollectionViewDataSource.swift */ = {isa = PBXFileReference; lastKnownFileType = sourcecode.swift; path = "BandViewController+UICollectionViewDataSource.swift"; sourceTree = "<group>"; };
		960BE7EE293A5AEA00CE92E9 /* BandViewController+UICollectionViewDelegateFlowLayout.swift */ = {isa = PBXFileReference; lastKnownFileType = sourcecode.swift; path = "BandViewController+UICollectionViewDelegateFlowLayout.swift"; sourceTree = "<group>"; };
		960BE7F0293A66CB00CE92E9 /* NetworkError.swift */ = {isa = PBXFileReference; lastKnownFileType = sourcecode.swift; path = NetworkError.swift; sourceTree = "<group>"; };
		960BE7F2293B771100CE92E9 /* BandViewController+UICollectionViewDelegate.swift */ = {isa = PBXFileReference; lastKnownFileType = sourcecode.swift; path = "BandViewController+UICollectionViewDelegate.swift"; sourceTree = "<group>"; };
		960BE7F4293B8ACE00CE92E9 /* MemberProvidedData.swift */ = {isa = PBXFileReference; lastKnownFileType = sourcecode.swift; path = MemberProvidedData.swift; sourceTree = "<group>"; };
		960BE7F8293B92D800CE92E9 /* MemberTableViewCell.swift */ = {isa = PBXFileReference; lastKnownFileType = sourcecode.swift; path = MemberTableViewCell.swift; sourceTree = "<group>"; };
		960BE7FC293B946B00CE92E9 /* BandViewController+UITableViewDataSource.swift */ = {isa = PBXFileReference; lastKnownFileType = sourcecode.swift; path = "BandViewController+UITableViewDataSource.swift"; sourceTree = "<group>"; };
		960BE804293CD79C00CE92E9 /* MemberDataProvider.swift */ = {isa = PBXFileReference; lastKnownFileType = sourcecode.swift; path = MemberDataProvider.swift; sourceTree = "<group>"; };
		960BE807293CD82E00CE92E9 /* MemberViewController.swift */ = {isa = PBXFileReference; lastKnownFileType = sourcecode.swift; path = MemberViewController.swift; sourceTree = "<group>"; };
		960BE80A293CDA4C00CE92E9 /* MemberViewController+UITableViewDataSource.swift */ = {isa = PBXFileReference; lastKnownFileType = sourcecode.swift; path = "MemberViewController+UITableViewDataSource.swift"; sourceTree = "<group>"; };
		960BE80C293CDA6800CE92E9 /* BandsTableViewCell.swift */ = {isa = PBXFileReference; lastKnownFileType = sourcecode.swift; path = BandsTableViewCell.swift; sourceTree = "<group>"; };
		960BE80E293CDAAA00CE92E9 /* MemberViewController+DataProviderDelegate.swift */ = {isa = PBXFileReference; lastKnownFileType = sourcecode.swift; path = "MemberViewController+DataProviderDelegate.swift"; sourceTree = "<group>"; };
		960BE810293CE08400CE92E9 /* MemberCell.swift */ = {isa = PBXFileReference; lastKnownFileType = sourcecode.swift; path = MemberCell.swift; sourceTree = "<group>"; };
		960BE812293CE0E000CE92E9 /* MemberViewModelItem.swift */ = {isa = PBXFileReference; lastKnownFileType = sourcecode.swift; path = MemberViewModelItem.swift; sourceTree = "<group>"; };
		961E4195293F11E900991FD6 /* UIScrollView+Constraints.swift */ = {isa = PBXFileReference; lastKnownFileType = sourcecode.swift; path = "UIScrollView+Constraints.swift"; sourceTree = "<group>"; };
		961E4197293F452B00991FD6 /* ImageLoader.swift */ = {isa = PBXFileReference; lastKnownFileType = sourcecode.swift; path = ImageLoader.swift; sourceTree = "<group>"; };
		9620961C29362DB400536ABC /* AlbumViewController+UITableViewDataSource.swift */ = {isa = PBXFileReference; lastKnownFileType = sourcecode.swift; path = "AlbumViewController+UITableViewDataSource.swift"; sourceTree = "<group>"; };
		9620961F2936554900536ABC /* SongsTableCell.swift */ = {isa = PBXFileReference; lastKnownFileType = sourcecode.swift; path = SongsTableCell.swift; sourceTree = "<group>"; };
		9620962129366B7100536ABC /* AlbumViewController+UITableViewDelegate.swift */ = {isa = PBXFileReference; lastKnownFileType = sourcecode.swift; path = "AlbumViewController+UITableViewDelegate.swift"; sourceTree = "<group>"; };
		962096232937C15000536ABC /* AdditionalInfoView.swift */ = {isa = PBXFileReference; lastKnownFileType = sourcecode.swift; path = AdditionalInfoView.swift; sourceTree = "<group>"; };
		96339BE02924DB3000332414 /* AlertPresenter.swift */ = {isa = PBXFileReference; lastKnownFileType = sourcecode.swift; path = AlertPresenter.swift; sourceTree = "<group>"; };
		96339BE22925480500332414 /* AlertPresenterDelegate.swift */ = {isa = PBXFileReference; lastKnownFileType = sourcecode.swift; path = AlertPresenterDelegate.swift; sourceTree = "<group>"; };
		96339BE42925492500332414 /* AlertModel.swift */ = {isa = PBXFileReference; lastKnownFileType = sourcecode.swift; path = AlertModel.swift; sourceTree = "<group>"; };
		96339BE6292549F400332414 /* SearchViewController+AlertPresenterDelegate.swift */ = {isa = PBXFileReference; lastKnownFileType = sourcecode.swift; path = "SearchViewController+AlertPresenterDelegate.swift"; sourceTree = "<group>"; };
		96339BE829254C9700332414 /* SearchError.swift */ = {isa = PBXFileReference; lastKnownFileType = sourcecode.swift; path = SearchError.swift; sourceTree = "<group>"; };
		96339BEF29260B8F00332414 /* AlbumViewController.swift */ = {isa = PBXFileReference; lastKnownFileType = sourcecode.swift; path = AlbumViewController.swift; sourceTree = "<group>"; };
		96339BF129260BAF00332414 /* BandViewController.swift */ = {isa = PBXFileReference; lastKnownFileType = sourcecode.swift; path = BandViewController.swift; sourceTree = "<group>"; };
		96339BF42926877B00332414 /* AlbumDataProvider.swift */ = {isa = PBXFileReference; lastKnownFileType = sourcecode.swift; path = AlbumDataProvider.swift; sourceTree = "<group>"; };
		96339BF62926895F00332414 /* DataProviderProtocol.swift */ = {isa = PBXFileReference; lastKnownFileType = sourcecode.swift; path = DataProviderProtocol.swift; sourceTree = "<group>"; };
		96339BF829268AED00332414 /* DataProviderDelegate.swift */ = {isa = PBXFileReference; lastKnownFileType = sourcecode.swift; path = DataProviderDelegate.swift; sourceTree = "<group>"; };
		96339BFA29268B2900332414 /* AlbumViewController+DataProviderDelegate.swift */ = {isa = PBXFileReference; lastKnownFileType = sourcecode.swift; path = "AlbumViewController+DataProviderDelegate.swift"; sourceTree = "<group>"; };
		96339BFC292693ED00332414 /* ProvidedData.swift */ = {isa = PBXFileReference; lastKnownFileType = sourcecode.swift; path = ProvidedData.swift; sourceTree = "<group>"; };
		96339C0029269B9400332414 /* AlbumProvidedData.swift */ = {isa = PBXFileReference; lastKnownFileType = sourcecode.swift; path = AlbumProvidedData.swift; sourceTree = "<group>"; };
		964861C729214B670077C862 /* SearchService.swift */ = {isa = PBXFileReference; lastKnownFileType = sourcecode.swift; path = SearchService.swift; sourceTree = "<group>"; };
		964861C929214BAF0077C862 /* SearchServiceDelegate.swift */ = {isa = PBXFileReference; lastKnownFileType = sourcecode.swift; path = SearchServiceDelegate.swift; sourceTree = "<group>"; };
		964861CB292206A20077C862 /* SearchViewController+SearchServiceDelegate.swift */ = {isa = PBXFileReference; lastKnownFileType = sourcecode.swift; path = "SearchViewController+SearchServiceDelegate.swift"; sourceTree = "<group>"; };
		964861CE292207170077C862 /* SearchServiceProtocol.swift */ = {isa = PBXFileReference; lastKnownFileType = sourcecode.swift; path = SearchServiceProtocol.swift; sourceTree = "<group>"; };
		964861D02922157C0077C862 /* SearchViewController+UITableViewDataSource.swift */ = {isa = PBXFileReference; lastKnownFileType = sourcecode.swift; path = "SearchViewController+UITableViewDataSource.swift"; sourceTree = "<group>"; };
		964861D5292231C10077C862 /* SearchResultViewModelItem.swift */ = {isa = PBXFileReference; lastKnownFileType = sourcecode.swift; path = SearchResultViewModelItem.swift; sourceTree = "<group>"; };
		964861D8292234730077C862 /* AlbumViewModelItem.swift */ = {isa = PBXFileReference; lastKnownFileType = sourcecode.swift; path = AlbumViewModelItem.swift; sourceTree = "<group>"; };
		964861DA2922348B0077C862 /* SongViewModelItem.swift */ = {isa = PBXFileReference; lastKnownFileType = sourcecode.swift; path = SongViewModelItem.swift; sourceTree = "<group>"; };
		964861DC292234960077C862 /* BandViewModelItem.swift */ = {isa = PBXFileReference; lastKnownFileType = sourcecode.swift; path = BandViewModelItem.swift; sourceTree = "<group>"; };
		964861DE292234DC0077C862 /* SearchViewModelItemType.swift */ = {isa = PBXFileReference; lastKnownFileType = sourcecode.swift; path = SearchViewModelItemType.swift; sourceTree = "<group>"; };
		964861E02922385F0077C862 /* SearchResultViewModel.swift */ = {isa = PBXFileReference; lastKnownFileType = sourcecode.swift; path = SearchResultViewModel.swift; sourceTree = "<group>"; };
		964861E329225DDB0077C862 /* AlbumCell.swift */ = {isa = PBXFileReference; lastKnownFileType = sourcecode.swift; path = AlbumCell.swift; sourceTree = "<group>"; };
		964861E529225DE00077C862 /* BandCell.swift */ = {isa = PBXFileReference; lastKnownFileType = sourcecode.swift; path = BandCell.swift; sourceTree = "<group>"; };
		964861E729225DE70077C862 /* SongCell.swift */ = {isa = PBXFileReference; lastKnownFileType = sourcecode.swift; path = SongCell.swift; sourceTree = "<group>"; };
		964861E9292343470077C862 /* SearchViewController+UITableViewDelegate.swift */ = {isa = PBXFileReference; lastKnownFileType = sourcecode.swift; path = "SearchViewController+UITableViewDelegate.swift"; sourceTree = "<group>"; };
		96825A08293CE38700972B3C /* RedAccessoryView.swift */ = {isa = PBXFileReference; lastKnownFileType = sourcecode.swift; path = RedAccessoryView.swift; sourceTree = "<group>"; };
		96825A0A293CFADE00972B3C /* MemberViewController+Constraints.swift */ = {isa = PBXFileReference; lastKnownFileType = sourcecode.swift; path = "MemberViewController+Constraints.swift"; sourceTree = "<group>"; };
		96825A0D293D02FD00972B3C /* MembersViewController+UITableViewDelegate.swift */ = {isa = PBXFileReference; lastKnownFileType = sourcecode.swift; path = "MembersViewController+UITableViewDelegate.swift"; sourceTree = "<group>"; };
		96825A0F293D045D00972B3C /* BandViewController+UITableViewDelegate.swift */ = {isa = PBXFileReference; lastKnownFileType = sourcecode.swift; path = "BandViewController+UITableViewDelegate.swift"; sourceTree = "<group>"; };
		969CD0BB291B994F00EA5409 /* MainTabBarController.swift */ = {isa = PBXFileReference; lastKnownFileType = sourcecode.swift; path = MainTabBarController.swift; sourceTree = "<group>"; };
		969CD0BD291B9D5B00EA5409 /* SearchViewController.swift */ = {isa = PBXFileReference; lastKnownFileType = sourcecode.swift; path = SearchViewController.swift; sourceTree = "<group>"; };
		969CD0BF291B9D6700EA5409 /* ProfileViewController.swift */ = {isa = PBXFileReference; lastKnownFileType = sourcecode.swift; path = ProfileViewController.swift; sourceTree = "<group>"; };
		969CD0C9291FD6DC00EA5409 /* NetworkClient.swift */ = {isa = PBXFileReference; lastKnownFileType = sourcecode.swift; path = NetworkClient.swift; sourceTree = "<group>"; };
		969CD0CB291FD9EA00EA5409 /* SearchViewController+SearchBarDelegate.swift */ = {isa = PBXFileReference; lastKnownFileType = sourcecode.swift; path = "SearchViewController+SearchBarDelegate.swift"; sourceTree = "<group>"; };
		969CD0CE291FE08B00EA5409 /* Album.swift */ = {isa = PBXFileReference; lastKnownFileType = sourcecode.swift; path = Album.swift; sourceTree = "<group>"; };
		969CD0D0291FE3D500EA5409 /* Song.swift */ = {isa = PBXFileReference; lastKnownFileType = sourcecode.swift; path = Song.swift; sourceTree = "<group>"; };
		969CD0D2291FE63500EA5409 /* Member.swift */ = {isa = PBXFileReference; lastKnownFileType = sourcecode.swift; path = Member.swift; sourceTree = "<group>"; };
		969CD0D4291FE75D00EA5409 /* Band.swift */ = {isa = PBXFileReference; lastKnownFileType = sourcecode.swift; path = Band.swift; sourceTree = "<group>"; };
		969CD0D62921442A00EA5409 /* SearchResult.swift */ = {isa = PBXFileReference; lastKnownFileType = sourcecode.swift; path = SearchResult.swift; sourceTree = "<group>"; };
		96C68238291B74C8008A9135 /* LaunchViewController.swift */ = {isa = PBXFileReference; lastKnownFileType = sourcecode.swift; path = LaunchViewController.swift; sourceTree = "<group>"; };
		96C6823F291B76B1008A9135 /* FirstLaunchServiceProtocol.swift */ = {isa = PBXFileReference; lastKnownFileType = sourcecode.swift; path = FirstLaunchServiceProtocol.swift; sourceTree = "<group>"; };
		96C68241291B7739008A9135 /* FirstLaunchService.swift */ = {isa = PBXFileReference; lastKnownFileType = sourcecode.swift; path = FirstLaunchService.swift; sourceTree = "<group>"; };
		96D1DCA329338D1B00E0DCF5 /* SongDataProvider.swift */ = {isa = PBXFileReference; lastKnownFileType = sourcecode.swift; path = SongDataProvider.swift; sourceTree = "<group>"; };
		96D1DCA529338E3700E0DCF5 /* SongsProvidedData.swift */ = {isa = PBXFileReference; lastKnownFileType = sourcecode.swift; path = SongsProvidedData.swift; sourceTree = "<group>"; };
		96E12D0D291A8E650016081E /* EHM.app */ = {isa = PBXFileReference; explicitFileType = wrapper.application; includeInIndex = 0; path = EHM.app; sourceTree = BUILT_PRODUCTS_DIR; };
		96E12D10291A8E650016081E /* AppDelegate.swift */ = {isa = PBXFileReference; lastKnownFileType = sourcecode.swift; path = AppDelegate.swift; sourceTree = "<group>"; };
		96E12D12291A8E650016081E /* SceneDelegate.swift */ = {isa = PBXFileReference; lastKnownFileType = sourcecode.swift; path = SceneDelegate.swift; sourceTree = "<group>"; };
		96E12D14291A8E650016081E /* StartViewController.swift */ = {isa = PBXFileReference; lastKnownFileType = sourcecode.swift; path = StartViewController.swift; sourceTree = "<group>"; };
		96E12D17291A8E650016081E /* Base */ = {isa = PBXFileReference; lastKnownFileType = file.storyboard; name = Base; path = Base.lproj/Main.storyboard; sourceTree = "<group>"; };
		96E12D19291A8E670016081E /* Assets.xcassets */ = {isa = PBXFileReference; lastKnownFileType = folder.assetcatalog; path = Assets.xcassets; sourceTree = "<group>"; };
		96E12D1C291A8E670016081E /* Base */ = {isa = PBXFileReference; lastKnownFileType = file.storyboard; name = Base; path = Base.lproj/LaunchScreen.storyboard; sourceTree = "<group>"; };
		96E12D1E291A8E670016081E /* Info.plist */ = {isa = PBXFileReference; lastKnownFileType = text.plist.xml; path = Info.plist; sourceTree = "<group>"; };
		96E12D24291AAC9E0016081E /* UIColor+Extensions.swift */ = {isa = PBXFileReference; lastKnownFileType = sourcecode.swift; path = "UIColor+Extensions.swift"; sourceTree = "<group>"; };
		96E12D29291AB11F0016081E /* UIImage+Alpha.swift */ = {isa = PBXFileReference; lastKnownFileType = sourcecode.swift; path = "UIImage+Alpha.swift"; sourceTree = "<group>"; };
		96F8F7E92939BA8000F6EE34 /* Date+Extensions.swift */ = {isa = PBXFileReference; lastKnownFileType = sourcecode.swift; path = "Date+Extensions.swift"; sourceTree = "<group>"; };
		96F8F7EB2939D3DC00F6EE34 /* BandViewController+Constraints.swift */ = {isa = PBXFileReference; lastKnownFileType = sourcecode.swift; path = "BandViewController+Constraints.swift"; sourceTree = "<group>"; };
		96F8F7ED2939D76200F6EE34 /* BandDataProvider.swift */ = {isa = PBXFileReference; lastKnownFileType = sourcecode.swift; path = BandDataProvider.swift; sourceTree = "<group>"; };
		96F8F7EF2939D9E600F6EE34 /* BandProvidedData.swift */ = {isa = PBXFileReference; lastKnownFileType = sourcecode.swift; path = BandProvidedData.swift; sourceTree = "<group>"; };
		96F8F7F12939DAA900F6EE34 /* BandViewController+DataProviderDelegate.swift */ = {isa = PBXFileReference; lastKnownFileType = sourcecode.swift; path = "BandViewController+DataProviderDelegate.swift"; sourceTree = "<group>"; };
		D87C0AAC44E4E8EF8F714F3A /* Pods-EHM.debug.xcconfig */ = {isa = PBXFileReference; includeInIndex = 1; lastKnownFileType = text.xcconfig; name = "Pods-EHM.debug.xcconfig"; path = "Target Support Files/Pods-EHM/Pods-EHM.debug.xcconfig"; sourceTree = "<group>"; };
		ED00DB947C9B2D30A4C299A7 /* Pods-EHM.release.xcconfig */ = {isa = PBXFileReference; includeInIndex = 1; lastKnownFileType = text.xcconfig; name = "Pods-EHM.release.xcconfig"; path = "Target Support Files/Pods-EHM/Pods-EHM.release.xcconfig"; sourceTree = "<group>"; };
/* End PBXFileReference section */

/* Begin PBXFrameworksBuildPhase section */
		96E12D0A291A8E650016081E /* Frameworks */ = {
			isa = PBXFrameworksBuildPhase;
			buildActionMask = 2147483647;
			files = (
				0FF2F8E119E2B584266FEBE1 /* Pods_EHM.framework in Frameworks */,
			);
			runOnlyForDeploymentPostprocessing = 0;
		};
/* End PBXFrameworksBuildPhase section */

/* Begin PBXGroup section */
		6082A68B843A609DCC14336D /* Frameworks */ = {
			isa = PBXGroup;
			children = (
				38BAB3028996E30876B557E2 /* Pods_EHM.framework */,
			);
			name = Frameworks;
			sourceTree = "<group>";
		};
		960BE7E92939DF7100CE92E9 /* AlbumsCollectionViewCell */ = {
			isa = PBXGroup;
			children = (
				960BE7EA2939DF9900CE92E9 /* AlbumsCollectionViewCell.swift */,
			);
			path = AlbumsCollectionViewCell;
			sourceTree = "<group>";
		};
		960BE7F6293B8D2D00CE92E9 /* CollectionView */ = {
			isa = PBXGroup;
			children = (
				960BE7E92939DF7100CE92E9 /* AlbumsCollectionViewCell */,
				960BE7F2293B771100CE92E9 /* BandViewController+UICollectionViewDelegate.swift */,
				960BE7EE293A5AEA00CE92E9 /* BandViewController+UICollectionViewDelegateFlowLayout.swift */,
				960BE7EC293A5AD500CE92E9 /* BandViewController+UICollectionViewDataSource.swift */,
			);
			path = CollectionView;
			sourceTree = "<group>";
		};
		960BE7F7293B8D3400CE92E9 /* TableView */ = {
			isa = PBXGroup;
			children = (
				960BE7FC293B946B00CE92E9 /* BandViewController+UITableViewDataSource.swift */,
				96825A0F293D045D00972B3C /* BandViewController+UITableViewDelegate.swift */,
				960BE7F8293B92D800CE92E9 /* MemberTableViewCell.swift */,
			);
			path = TableView;
			sourceTree = "<group>";
		};
		960BE806293CD81A00CE92E9 /* MemberViewController */ = {
			isa = PBXGroup;
			children = (
				960BE809293CDA3100CE92E9 /* TableView */,
				960BE807293CD82E00CE92E9 /* MemberViewController.swift */,
				960BE80E293CDAAA00CE92E9 /* MemberViewController+DataProviderDelegate.swift */,
				96825A0A293CFADE00972B3C /* MemberViewController+Constraints.swift */,
			);
			path = MemberViewController;
			sourceTree = "<group>";
		};
		960BE809293CDA3100CE92E9 /* TableView */ = {
			isa = PBXGroup;
			children = (
				960BE80C293CDA6800CE92E9 /* BandsTableViewCell.swift */,
				960BE80A293CDA4C00CE92E9 /* MemberViewController+UITableViewDataSource.swift */,
				96825A0D293D02FD00972B3C /* MembersViewController+UITableViewDelegate.swift */,
			);
			path = TableView;
			sourceTree = "<group>";
		};
		96339BEA29254E0400332414 /* AlertPresenter */ = {
			isa = PBXGroup;
			children = (
				96339BE02924DB3000332414 /* AlertPresenter.swift */,
				96339BE22925480500332414 /* AlertPresenterDelegate.swift */,
			);
			path = AlertPresenter;
			sourceTree = "<group>";
		};
		96339BEB29260ADD00332414 /* SearchViewController */ = {
			isa = PBXGroup;
			children = (
				964861D229222D7D0077C862 /* SearchTableView */,
				969CD0BD291B9D5B00EA5409 /* SearchViewController.swift */,
				969CD0CB291FD9EA00EA5409 /* SearchViewController+SearchBarDelegate.swift */,
				964861CB292206A20077C862 /* SearchViewController+SearchServiceDelegate.swift */,
				96339BE6292549F400332414 /* SearchViewController+AlertPresenterDelegate.swift */,
			);
			path = SearchViewController;
			sourceTree = "<group>";
		};
		96339BEC29260AF800332414 /* AlbumViewController */ = {
			isa = PBXGroup;
			children = (
				96825A0C293D018300972B3C /* TableView */,
				96339BEF29260B8F00332414 /* AlbumViewController.swift */,
				96339BFA29268B2900332414 /* AlbumViewController+DataProviderDelegate.swift */,
				9600649E2938C3F10033B906 /* AlbumViewController+Constraints.swift */,
			);
			path = AlbumViewController;
			sourceTree = "<group>";
		};
		96339BED29260B0A00332414 /* BandViewController */ = {
			isa = PBXGroup;
			children = (
				960BE7F7293B8D3400CE92E9 /* TableView */,
				960BE7F6293B8D2D00CE92E9 /* CollectionView */,
				96339BF129260BAF00332414 /* BandViewController.swift */,
				96F8F7EB2939D3DC00F6EE34 /* BandViewController+Constraints.swift */,
				96F8F7F12939DAA900F6EE34 /* BandViewController+DataProviderDelegate.swift */,
			);
			path = BandViewController;
			sourceTree = "<group>";
		};
		96339BF32926876000332414 /* DataProvider */ = {
			isa = PBXGroup;
			children = (
				960BE804293CD79C00CE92E9 /* MemberDataProvider.swift */,
				96339BF42926877B00332414 /* AlbumDataProvider.swift */,
				96D1DCA329338D1B00E0DCF5 /* SongDataProvider.swift */,
				96339BF62926895F00332414 /* DataProviderProtocol.swift */,
				96339BF829268AED00332414 /* DataProviderDelegate.swift */,
				96F8F7ED2939D76200F6EE34 /* BandDataProvider.swift */,
			);
			path = DataProvider;
			sourceTree = "<group>";
		};
		96339BFE29269B4A00332414 /* BaseModels */ = {
			isa = PBXGroup;
			children = (
				969CD0CE291FE08B00EA5409 /* Album.swift */,
				969CD0D0291FE3D500EA5409 /* Song.swift */,
				969CD0D2291FE63500EA5409 /* Member.swift */,
				969CD0D4291FE75D00EA5409 /* Band.swift */,
				969CD0D62921442A00EA5409 /* SearchResult.swift */,
			);
			path = BaseModels;
			sourceTree = "<group>";
		};
		96339BFF29269B6C00332414 /* ProvidedDataModels */ = {
			isa = PBXGroup;
			children = (
				96339C0029269B9400332414 /* AlbumProvidedData.swift */,
				96D1DCA529338E3700E0DCF5 /* SongsProvidedData.swift */,
				96F8F7EF2939D9E600F6EE34 /* BandProvidedData.swift */,
				960BE7F4293B8ACE00CE92E9 /* MemberProvidedData.swift */,
			);
			path = ProvidedDataModels;
			sourceTree = "<group>";
		};
		964861CD292207080077C862 /* SearchService */ = {
			isa = PBXGroup;
			children = (
				964861C729214B670077C862 /* SearchService.swift */,
				964861C929214BAF0077C862 /* SearchServiceDelegate.swift */,
				964861CE292207170077C862 /* SearchServiceProtocol.swift */,
				96339BE829254C9700332414 /* SearchError.swift */,
			);
			path = SearchService;
			sourceTree = "<group>";
		};
		964861D229222D7D0077C862 /* SearchTableView */ = {
			isa = PBXGroup;
			children = (
				964861E229225DC70077C862 /* SearchTableViewCells */,
				964861D02922157C0077C862 /* SearchViewController+UITableViewDataSource.swift */,
				964861E9292343470077C862 /* SearchViewController+UITableViewDelegate.swift */,
			);
			path = SearchTableView;
			sourceTree = "<group>";
		};
		964861D7292234650077C862 /* SearchViewModels */ = {
			isa = PBXGroup;
			children = (
				964861DE292234DC0077C862 /* SearchViewModelItemType.swift */,
				964861D5292231C10077C862 /* SearchResultViewModelItem.swift */,
				964861D8292234730077C862 /* AlbumViewModelItem.swift */,
				964861DA2922348B0077C862 /* SongViewModelItem.swift */,
				964861DC292234960077C862 /* BandViewModelItem.swift */,
				964861E02922385F0077C862 /* SearchResultViewModel.swift */,
				960BE812293CE0E000CE92E9 /* MemberViewModelItem.swift */,
			);
			path = SearchViewModels;
			sourceTree = "<group>";
		};
		964861E229225DC70077C862 /* SearchTableViewCells */ = {
			isa = PBXGroup;
			children = (
				964861E329225DDB0077C862 /* AlbumCell.swift */,
				964861E529225DE00077C862 /* BandCell.swift */,
				964861E729225DE70077C862 /* SongCell.swift */,
				960BE810293CE08400CE92E9 /* MemberCell.swift */,
			);
			path = SearchTableViewCells;
			sourceTree = "<group>";
		};
		96825A0C293D018300972B3C /* TableView */ = {
			isa = PBXGroup;
			children = (
				9620962129366B7100536ABC /* AlbumViewController+UITableViewDelegate.swift */,
				9620961C29362DB400536ABC /* AlbumViewController+UITableViewDataSource.swift */,
				9620961F2936554900536ABC /* SongsTableCell.swift */,
			);
			path = TableView;
			sourceTree = "<group>";
		};
		969CD0C7291FD61700EA5409 /* Search */ = {
			isa = PBXGroup;
			children = (
				960BE806293CD81A00CE92E9 /* MemberViewController */,
				96339BED29260B0A00332414 /* BandViewController */,
				96339BEC29260AF800332414 /* AlbumViewController */,
				96339BEB29260ADD00332414 /* SearchViewController */,
			);
			path = Search;
			sourceTree = "<group>";
		};
		969CD0C8291FD61D00EA5409 /* Profile */ = {
			isa = PBXGroup;
			children = (
				969CD0BF291B9D6700EA5409 /* ProfileViewController.swift */,
			);
			path = Profile;
			sourceTree = "<group>";
		};
		969CD0CD291FE04C00EA5409 /* Models */ = {
			isa = PBXGroup;
			children = (
				96339BFF29269B6C00332414 /* ProvidedDataModels */,
				96339BFE29269B4A00332414 /* BaseModels */,
				964861D7292234650077C862 /* SearchViewModels */,
				96339BE42925492500332414 /* AlertModel.swift */,
				96339BFC292693ED00332414 /* ProvidedData.swift */,
			);
			path = Models;
			sourceTree = "<group>";
		};
		96C6823A291B751C008A9135 /* Services */ = {
			isa = PBXGroup;
			children = (
				96339BF32926876000332414 /* DataProvider */,
				96339BEA29254E0400332414 /* AlertPresenter */,
				964861CD292207080077C862 /* SearchService */,
				96C6823F291B76B1008A9135 /* FirstLaunchServiceProtocol.swift */,
				96C68241291B7739008A9135 /* FirstLaunchService.swift */,
				969CD0C9291FD6DC00EA5409 /* NetworkClient.swift */,
				960BE7F0293A66CB00CE92E9 /* NetworkError.swift */,
			);
			path = Services;
			sourceTree = "<group>";
		};
		96E12D04291A8E650016081E = {
			isa = PBXGroup;
			children = (
				96E12D0F291A8E650016081E /* EHM */,
				96E12D0E291A8E650016081E /* Products */,
				ADED7EF11D27151B91D88768 /* Pods */,
				6082A68B843A609DCC14336D /* Frameworks */,
			);
			sourceTree = "<group>";
		};
		96E12D0E291A8E650016081E /* Products */ = {
			isa = PBXGroup;
			children = (
				96E12D0D291A8E650016081E /* EHM.app */,
			);
			name = Products;
			sourceTree = "<group>";
		};
		96E12D0F291A8E650016081E /* EHM */ = {
			isa = PBXGroup;
			children = (
				969CD0CD291FE04C00EA5409 /* Models */,
				96C6823A291B751C008A9135 /* Services */,
				96E12D27291AAEC80016081E /* Helpers */,
				96E12D26291AAEB20016081E /* Presentation */,
				96E12D28291AAEE70016081E /* Resources */,
				96E12D10291A8E650016081E /* AppDelegate.swift */,
				96E12D12291A8E650016081E /* SceneDelegate.swift */,
				96E12D1E291A8E670016081E /* Info.plist */,
			);
			path = EHM;
			sourceTree = "<group>";
		};
		96E12D26291AAEB20016081E /* Presentation */ = {
			isa = PBXGroup;
			children = (
				96E12D16291A8E650016081E /* Main.storyboard */,
				96E12D14291A8E650016081E /* StartViewController.swift */,
				96C68238291B74C8008A9135 /* LaunchViewController.swift */,
				969CD0BB291B994F00EA5409 /* MainTabBarController.swift */,
				969CD0C8291FD61D00EA5409 /* Profile */,
				969CD0C7291FD61700EA5409 /* Search */,
			);
			path = Presentation;
			sourceTree = "<group>";
		};
		96E12D27291AAEC80016081E /* Helpers */ = {
			isa = PBXGroup;
			children = (
				96E12D24291AAC9E0016081E /* UIColor+Extensions.swift */,
				96E12D29291AB11F0016081E /* UIImage+Alpha.swift */,
				962096232937C15000536ABC /* AdditionalInfoView.swift */,
				96F8F7E92939BA8000F6EE34 /* Date+Extensions.swift */,
				96825A08293CE38700972B3C /* RedAccessoryView.swift */,
				961E4195293F11E900991FD6 /* UIScrollView+Constraints.swift */,
				961E4197293F452B00991FD6 /* ImageLoader.swift */,
			);
			path = Helpers;
			sourceTree = "<group>";
		};
		96E12D28291AAEE70016081E /* Resources */ = {
			isa = PBXGroup;
			children = (
				96E12D19291A8E670016081E /* Assets.xcassets */,
				96E12D1B291A8E670016081E /* LaunchScreen.storyboard */,
			);
			path = Resources;
			sourceTree = "<group>";
		};
		ADED7EF11D27151B91D88768 /* Pods */ = {
			isa = PBXGroup;
			children = (
				D87C0AAC44E4E8EF8F714F3A /* Pods-EHM.debug.xcconfig */,
				ED00DB947C9B2D30A4C299A7 /* Pods-EHM.release.xcconfig */,
			);
			path = Pods;
			sourceTree = "<group>";
		};
/* End PBXGroup section */

/* Begin PBXNativeTarget section */
		96E12D0C291A8E650016081E /* EHM */ = {
			isa = PBXNativeTarget;
			buildConfigurationList = 96E12D21291A8E670016081E /* Build configuration list for PBXNativeTarget "EHM" */;
			buildPhases = (
				5A3A910DF44459CCBAA3F2C3 /* [CP] Check Pods Manifest.lock */,
				96E12D09291A8E650016081E /* Sources */,
				96E12D0A291A8E650016081E /* Frameworks */,
				96E12D0B291A8E650016081E /* Resources */,
				0793BD3BAF12BD76C242790A /* [CP] Embed Pods Frameworks */,
			);
			buildRules = (
			);
			dependencies = (
			);
			name = EHM;
			productName = EHM;
			productReference = 96E12D0D291A8E650016081E /* EHM.app */;
			productType = "com.apple.product-type.application";
		};
/* End PBXNativeTarget section */

/* Begin PBXProject section */
		96E12D05291A8E650016081E /* Project object */ = {
			isa = PBXProject;
			attributes = {
				BuildIndependentTargetsInParallel = 1;
				LastSwiftUpdateCheck = 1340;
				LastUpgradeCheck = 1340;
				TargetAttributes = {
					96E12D0C291A8E650016081E = {
						CreatedOnToolsVersion = 13.4.1;
					};
				};
			};
			buildConfigurationList = 96E12D08291A8E650016081E /* Build configuration list for PBXProject "EHM" */;
			compatibilityVersion = "Xcode 13.0";
			developmentRegion = en;
			hasScannedForEncodings = 0;
			knownRegions = (
				en,
				Base,
			);
			mainGroup = 96E12D04291A8E650016081E;
			productRefGroup = 96E12D0E291A8E650016081E /* Products */;
			projectDirPath = "";
			projectRoot = "";
			targets = (
				96E12D0C291A8E650016081E /* EHM */,
			);
		};
/* End PBXProject section */

/* Begin PBXResourcesBuildPhase section */
		96E12D0B291A8E650016081E /* Resources */ = {
			isa = PBXResourcesBuildPhase;
			buildActionMask = 2147483647;
			files = (
				96E12D1D291A8E670016081E /* LaunchScreen.storyboard in Resources */,
				96E12D1A291A8E670016081E /* Assets.xcassets in Resources */,
				96E12D18291A8E650016081E /* Main.storyboard in Resources */,
			);
			runOnlyForDeploymentPostprocessing = 0;
		};
/* End PBXResourcesBuildPhase section */

/* Begin PBXShellScriptBuildPhase section */
		0793BD3BAF12BD76C242790A /* [CP] Embed Pods Frameworks */ = {
			isa = PBXShellScriptBuildPhase;
			buildActionMask = 2147483647;
			files = (
			);
			inputFileListPaths = (
				"${PODS_ROOT}/Target Support Files/Pods-EHM/Pods-EHM-frameworks-${CONFIGURATION}-input-files.xcfilelist",
			);
			name = "[CP] Embed Pods Frameworks";
			outputFileListPaths = (
				"${PODS_ROOT}/Target Support Files/Pods-EHM/Pods-EHM-frameworks-${CONFIGURATION}-output-files.xcfilelist",
			);
			runOnlyForDeploymentPostprocessing = 0;
			shellPath = /bin/sh;
			shellScript = "\"${PODS_ROOT}/Target Support Files/Pods-EHM/Pods-EHM-frameworks.sh\"\n";
			showEnvVarsInLog = 0;
		};
		5A3A910DF44459CCBAA3F2C3 /* [CP] Check Pods Manifest.lock */ = {
			isa = PBXShellScriptBuildPhase;
			buildActionMask = 2147483647;
			files = (
			);
			inputFileListPaths = (
			);
			inputPaths = (
				"${PODS_PODFILE_DIR_PATH}/Podfile.lock",
				"${PODS_ROOT}/Manifest.lock",
			);
			name = "[CP] Check Pods Manifest.lock";
			outputFileListPaths = (
			);
			outputPaths = (
				"$(DERIVED_FILE_DIR)/Pods-EHM-checkManifestLockResult.txt",
			);
			runOnlyForDeploymentPostprocessing = 0;
			shellPath = /bin/sh;
			shellScript = "diff \"${PODS_PODFILE_DIR_PATH}/Podfile.lock\" \"${PODS_ROOT}/Manifest.lock\" > /dev/null\nif [ $? != 0 ] ; then\n    # print error to STDERR\n    echo \"error: The sandbox is not in sync with the Podfile.lock. Run 'pod install' or update your CocoaPods installation.\" >&2\n    exit 1\nfi\n# This output is used by Xcode 'outputs' to avoid re-running this script phase.\necho \"SUCCESS\" > \"${SCRIPT_OUTPUT_FILE_0}\"\n";
			showEnvVarsInLog = 0;
		};
/* End PBXShellScriptBuildPhase section */

/* Begin PBXSourcesBuildPhase section */
		96E12D09291A8E650016081E /* Sources */ = {
			isa = PBXSourcesBuildPhase;
			buildActionMask = 2147483647;
			files = (
				96F8F7EC2939D3DC00F6EE34 /* BandViewController+Constraints.swift in Sources */,
				96F8F7F22939DAA900F6EE34 /* BandViewController+DataProviderDelegate.swift in Sources */,
				960BE7F5293B8ACE00CE92E9 /* MemberProvidedData.swift in Sources */,
				969CD0BE291B9D5B00EA5409 /* SearchViewController.swift in Sources */,
				96339BF52926877B00332414 /* AlbumDataProvider.swift in Sources */,
				96F8F7EE2939D76200F6EE34 /* BandDataProvider.swift in Sources */,
				960BE7F1293A66CB00CE92E9 /* NetworkError.swift in Sources */,
				964861E829225DE70077C862 /* SongCell.swift in Sources */,
				960BE808293CD82E00CE92E9 /* MemberViewController.swift in Sources */,
				964861CC292206A20077C862 /* SearchViewController+SearchServiceDelegate.swift in Sources */,
				96E12D15291A8E650016081E /* StartViewController.swift in Sources */,
				96D1DCA629338E3700E0DCF5 /* SongsProvidedData.swift in Sources */,
				96C68239291B74C8008A9135 /* LaunchViewController.swift in Sources */,
				96339C0129269B9400332414 /* AlbumProvidedData.swift in Sources */,
				964861E429225DDB0077C862 /* AlbumCell.swift in Sources */,
				969CD0BC291B994F00EA5409 /* MainTabBarController.swift in Sources */,
				960BE7ED293A5AD500CE92E9 /* BandViewController+UICollectionViewDataSource.swift in Sources */,
				960BE80B293CDA4C00CE92E9 /* MemberViewController+UITableViewDataSource.swift in Sources */,
				96E12D11291A8E650016081E /* AppDelegate.swift in Sources */,
				960BE811293CE08400CE92E9 /* MemberCell.swift in Sources */,
				96F8F7EA2939BA8000F6EE34 /* Date+Extensions.swift in Sources */,
				96339BF929268AED00332414 /* DataProviderDelegate.swift in Sources */,
				969CD0CF291FE08B00EA5409 /* Album.swift in Sources */,
				96825A0B293CFADE00972B3C /* MemberViewController+Constraints.swift in Sources */,
				960BE7EB2939DF9900CE92E9 /* AlbumsCollectionViewCell.swift in Sources */,
				96825A10293D045D00972B3C /* BandViewController+UITableViewDelegate.swift in Sources */,
				964861DD292234960077C862 /* BandViewModelItem.swift in Sources */,
				96339BE32925480500332414 /* AlertPresenterDelegate.swift in Sources */,
				96825A0E293D02FD00972B3C /* MembersViewController+UITableViewDelegate.swift in Sources */,
				964861D6292231C10077C862 /* SearchResultViewModelItem.swift in Sources */,
				960BE80F293CDAAA00CE92E9 /* MemberViewController+DataProviderDelegate.swift in Sources */,
				96339BE12924DB3000332414 /* AlertPresenter.swift in Sources */,
				960BE7EF293A5AEA00CE92E9 /* BandViewController+UICollectionViewDelegateFlowLayout.swift in Sources */,
				964861D9292234730077C862 /* AlbumViewModelItem.swift in Sources */,
				960BE805293CD79C00CE92E9 /* MemberDataProvider.swift in Sources */,
				960BE7F3293B771100CE92E9 /* BandViewController+UICollectionViewDelegate.swift in Sources */,
				969CD0D5291FE75D00EA5409 /* Band.swift in Sources */,
				96339BF029260B8F00332414 /* AlbumViewController.swift in Sources */,
				96C68240291B76B1008A9135 /* FirstLaunchServiceProtocol.swift in Sources */,
				96339BE929254C9700332414 /* SearchError.swift in Sources */,
				96F8F7F02939D9E600F6EE34 /* BandProvidedData.swift in Sources */,
				96339BE52925492500332414 /* AlertModel.swift in Sources */,
				962096242937C15000536ABC /* AdditionalInfoView.swift in Sources */,
				969CD0C0291B9D6700EA5409 /* ProfileViewController.swift in Sources */,
				964861E12922385F0077C862 /* SearchResultViewModel.swift in Sources */,
				962096202936554900536ABC /* SongsTableCell.swift in Sources */,
				96E12D2A291AB11F0016081E /* UIImage+Alpha.swift in Sources */,
				9620962229366B7100536ABC /* AlbumViewController+UITableViewDelegate.swift in Sources */,
				969CD0D72921442A00EA5409 /* SearchResult.swift in Sources */,
				961E4196293F11E900991FD6 /* UIScrollView+Constraints.swift in Sources */,
				960BE80D293CDA6800CE92E9 /* BandsTableViewCell.swift in Sources */,
				969CD0D1291FE3D500EA5409 /* Song.swift in Sources */,
				960BE7FD293B946B00CE92E9 /* BandViewController+UITableViewDataSource.swift in Sources */,
				96339BFD292693ED00332414 /* ProvidedData.swift in Sources */,
				96339BE7292549F400332414 /* SearchViewController+AlertPresenterDelegate.swift in Sources */,
				9600649F2938C3F10033B906 /* AlbumViewController+Constraints.swift in Sources */,
				961E4198293F452B00991FD6 /* ImageLoader.swift in Sources */,
				960BE7F9293B92D800CE92E9 /* MemberTableViewCell.swift in Sources */,
				96E12D13291A8E650016081E /* SceneDelegate.swift in Sources */,
				964861DB2922348B0077C862 /* SongViewModelItem.swift in Sources */,
				964861C829214B670077C862 /* SearchService.swift in Sources */,
				96C68242291B7739008A9135 /* FirstLaunchService.swift in Sources */,
				964861EA292343470077C862 /* SearchViewController+UITableViewDelegate.swift in Sources */,
				964861DF292234DC0077C862 /* SearchViewModelItemType.swift in Sources */,
				96825A09293CE38700972B3C /* RedAccessoryView.swift in Sources */,
				960BE813293CE0E000CE92E9 /* MemberViewModelItem.swift in Sources */,
				9620961D29362DB400536ABC /* AlbumViewController+UITableViewDataSource.swift in Sources */,
				96339BF229260BAF00332414 /* BandViewController.swift in Sources */,
				969CD0CC291FD9EA00EA5409 /* SearchViewController+SearchBarDelegate.swift in Sources */,
				964861CA29214BAF0077C862 /* SearchServiceDelegate.swift in Sources */,
				96E12D25291AAC9E0016081E /* UIColor+Extensions.swift in Sources */,
				96339BF72926895F00332414 /* DataProviderProtocol.swift in Sources */,
				96339BFB29268B2900332414 /* AlbumViewController+DataProviderDelegate.swift in Sources */,
				969CD0CA291FD6DC00EA5409 /* NetworkClient.swift in Sources */,
				969CD0D3291FE63500EA5409 /* Member.swift in Sources */,
				964861D12922157C0077C862 /* SearchViewController+UITableViewDataSource.swift in Sources */,
				96D1DCA429338D1B00E0DCF5 /* SongDataProvider.swift in Sources */,
				964861E629225DE00077C862 /* BandCell.swift in Sources */,
				964861CF292207170077C862 /* SearchServiceProtocol.swift in Sources */,
			);
			runOnlyForDeploymentPostprocessing = 0;
		};
/* End PBXSourcesBuildPhase section */

/* Begin PBXVariantGroup section */
		96E12D16291A8E650016081E /* Main.storyboard */ = {
			isa = PBXVariantGroup;
			children = (
				96E12D17291A8E650016081E /* Base */,
			);
			name = Main.storyboard;
			sourceTree = "<group>";
		};
		96E12D1B291A8E670016081E /* LaunchScreen.storyboard */ = {
			isa = PBXVariantGroup;
			children = (
				96E12D1C291A8E670016081E /* Base */,
			);
			name = LaunchScreen.storyboard;
			sourceTree = "<group>";
		};
/* End PBXVariantGroup section */

/* Begin XCBuildConfiguration section */
		96E12D1F291A8E670016081E /* Debug */ = {
			isa = XCBuildConfiguration;
			buildSettings = {
				ALWAYS_SEARCH_USER_PATHS = NO;
				CLANG_ANALYZER_NONNULL = YES;
				CLANG_ANALYZER_NUMBER_OBJECT_CONVERSION = YES_AGGRESSIVE;
				CLANG_CXX_LANGUAGE_STANDARD = "gnu++17";
				CLANG_ENABLE_MODULES = YES;
				CLANG_ENABLE_OBJC_ARC = YES;
				CLANG_ENABLE_OBJC_WEAK = YES;
				CLANG_WARN_BLOCK_CAPTURE_AUTORELEASING = YES;
				CLANG_WARN_BOOL_CONVERSION = YES;
				CLANG_WARN_COMMA = YES;
				CLANG_WARN_CONSTANT_CONVERSION = YES;
				CLANG_WARN_DEPRECATED_OBJC_IMPLEMENTATIONS = YES;
				CLANG_WARN_DIRECT_OBJC_ISA_USAGE = YES_ERROR;
				CLANG_WARN_DOCUMENTATION_COMMENTS = YES;
				CLANG_WARN_EMPTY_BODY = YES;
				CLANG_WARN_ENUM_CONVERSION = YES;
				CLANG_WARN_INFINITE_RECURSION = YES;
				CLANG_WARN_INT_CONVERSION = YES;
				CLANG_WARN_NON_LITERAL_NULL_CONVERSION = YES;
				CLANG_WARN_OBJC_IMPLICIT_RETAIN_SELF = YES;
				CLANG_WARN_OBJC_LITERAL_CONVERSION = YES;
				CLANG_WARN_OBJC_ROOT_CLASS = YES_ERROR;
				CLANG_WARN_QUOTED_INCLUDE_IN_FRAMEWORK_HEADER = YES;
				CLANG_WARN_RANGE_LOOP_ANALYSIS = YES;
				CLANG_WARN_STRICT_PROTOTYPES = YES;
				CLANG_WARN_SUSPICIOUS_MOVE = YES;
				CLANG_WARN_UNGUARDED_AVAILABILITY = YES_AGGRESSIVE;
				CLANG_WARN_UNREACHABLE_CODE = YES;
				CLANG_WARN__DUPLICATE_METHOD_MATCH = YES;
				COPY_PHASE_STRIP = NO;
				DEBUG_INFORMATION_FORMAT = dwarf;
				ENABLE_STRICT_OBJC_MSGSEND = YES;
				ENABLE_TESTABILITY = YES;
				GCC_C_LANGUAGE_STANDARD = gnu11;
				GCC_DYNAMIC_NO_PIC = NO;
				GCC_NO_COMMON_BLOCKS = YES;
				GCC_OPTIMIZATION_LEVEL = 0;
				GCC_PREPROCESSOR_DEFINITIONS = (
					"DEBUG=1",
					"$(inherited)",
				);
				GCC_WARN_64_TO_32_BIT_CONVERSION = YES;
				GCC_WARN_ABOUT_RETURN_TYPE = YES_ERROR;
				GCC_WARN_UNDECLARED_SELECTOR = YES;
				GCC_WARN_UNINITIALIZED_AUTOS = YES_AGGRESSIVE;
				GCC_WARN_UNUSED_FUNCTION = YES;
				GCC_WARN_UNUSED_VARIABLE = YES;
				IPHONEOS_DEPLOYMENT_TARGET = 15.5;
				MTL_ENABLE_DEBUG_INFO = INCLUDE_SOURCE;
				MTL_FAST_MATH = YES;
				ONLY_ACTIVE_ARCH = YES;
				SDKROOT = iphoneos;
				SWIFT_ACTIVE_COMPILATION_CONDITIONS = DEBUG;
				SWIFT_OPTIMIZATION_LEVEL = "-Onone";
			};
			name = Debug;
		};
		96E12D20291A8E670016081E /* Release */ = {
			isa = XCBuildConfiguration;
			buildSettings = {
				ALWAYS_SEARCH_USER_PATHS = NO;
				CLANG_ANALYZER_NONNULL = YES;
				CLANG_ANALYZER_NUMBER_OBJECT_CONVERSION = YES_AGGRESSIVE;
				CLANG_CXX_LANGUAGE_STANDARD = "gnu++17";
				CLANG_ENABLE_MODULES = YES;
				CLANG_ENABLE_OBJC_ARC = YES;
				CLANG_ENABLE_OBJC_WEAK = YES;
				CLANG_WARN_BLOCK_CAPTURE_AUTORELEASING = YES;
				CLANG_WARN_BOOL_CONVERSION = YES;
				CLANG_WARN_COMMA = YES;
				CLANG_WARN_CONSTANT_CONVERSION = YES;
				CLANG_WARN_DEPRECATED_OBJC_IMPLEMENTATIONS = YES;
				CLANG_WARN_DIRECT_OBJC_ISA_USAGE = YES_ERROR;
				CLANG_WARN_DOCUMENTATION_COMMENTS = YES;
				CLANG_WARN_EMPTY_BODY = YES;
				CLANG_WARN_ENUM_CONVERSION = YES;
				CLANG_WARN_INFINITE_RECURSION = YES;
				CLANG_WARN_INT_CONVERSION = YES;
				CLANG_WARN_NON_LITERAL_NULL_CONVERSION = YES;
				CLANG_WARN_OBJC_IMPLICIT_RETAIN_SELF = YES;
				CLANG_WARN_OBJC_LITERAL_CONVERSION = YES;
				CLANG_WARN_OBJC_ROOT_CLASS = YES_ERROR;
				CLANG_WARN_QUOTED_INCLUDE_IN_FRAMEWORK_HEADER = YES;
				CLANG_WARN_RANGE_LOOP_ANALYSIS = YES;
				CLANG_WARN_STRICT_PROTOTYPES = YES;
				CLANG_WARN_SUSPICIOUS_MOVE = YES;
				CLANG_WARN_UNGUARDED_AVAILABILITY = YES_AGGRESSIVE;
				CLANG_WARN_UNREACHABLE_CODE = YES;
				CLANG_WARN__DUPLICATE_METHOD_MATCH = YES;
				COPY_PHASE_STRIP = NO;
				DEBUG_INFORMATION_FORMAT = "dwarf-with-dsym";
				ENABLE_NS_ASSERTIONS = NO;
				ENABLE_STRICT_OBJC_MSGSEND = YES;
				GCC_C_LANGUAGE_STANDARD = gnu11;
				GCC_NO_COMMON_BLOCKS = YES;
				GCC_WARN_64_TO_32_BIT_CONVERSION = YES;
				GCC_WARN_ABOUT_RETURN_TYPE = YES_ERROR;
				GCC_WARN_UNDECLARED_SELECTOR = YES;
				GCC_WARN_UNINITIALIZED_AUTOS = YES_AGGRESSIVE;
				GCC_WARN_UNUSED_FUNCTION = YES;
				GCC_WARN_UNUSED_VARIABLE = YES;
				IPHONEOS_DEPLOYMENT_TARGET = 15.5;
				MTL_ENABLE_DEBUG_INFO = NO;
				MTL_FAST_MATH = YES;
				SDKROOT = iphoneos;
				SWIFT_COMPILATION_MODE = wholemodule;
				SWIFT_OPTIMIZATION_LEVEL = "-O";
				VALIDATE_PRODUCT = YES;
			};
			name = Release;
		};
		96E12D22291A8E670016081E /* Debug */ = {
			isa = XCBuildConfiguration;
			baseConfigurationReference = D87C0AAC44E4E8EF8F714F3A /* Pods-EHM.debug.xcconfig */;
			buildSettings = {
				ASSETCATALOG_COMPILER_APPICON_NAME = AppIcon;
				ASSETCATALOG_COMPILER_GLOBAL_ACCENT_COLOR_NAME = AccentColor;
				CODE_SIGN_STYLE = Automatic;
				CURRENT_PROJECT_VERSION = 1;
				DEVELOPMENT_TEAM = G5T3Z588PS;
				GENERATE_INFOPLIST_FILE = YES;
				INFOPLIST_FILE = EHM/Info.plist;
				INFOPLIST_KEY_UIApplicationSupportsIndirectInputEvents = YES;
				INFOPLIST_KEY_UILaunchStoryboardName = LaunchScreen;
				INFOPLIST_KEY_UIMainStoryboardFile = Main;
				INFOPLIST_KEY_UISupportedInterfaceOrientations_iPad = "UIInterfaceOrientationPortrait UIInterfaceOrientationPortraitUpsideDown UIInterfaceOrientationLandscapeLeft UIInterfaceOrientationLandscapeRight";
				INFOPLIST_KEY_UISupportedInterfaceOrientations_iPhone = "UIInterfaceOrientationPortrait UIInterfaceOrientationLandscapeLeft UIInterfaceOrientationLandscapeRight";
				LD_RUNPATH_SEARCH_PATHS = (
					"$(inherited)",
					"@executable_path/Frameworks",
				);
				MARKETING_VERSION = 1.0;
				PRODUCT_BUNDLE_IDENTIFIER = "Aleksandr-Bekrenev.EHM";
				PRODUCT_NAME = "$(TARGET_NAME)";
				SWIFT_EMIT_LOC_STRINGS = YES;
				SWIFT_VERSION = 5.0;
				TARGETED_DEVICE_FAMILY = "1,2";
			};
			name = Debug;
		};
		96E12D23291A8E670016081E /* Release */ = {
			isa = XCBuildConfiguration;
			baseConfigurationReference = ED00DB947C9B2D30A4C299A7 /* Pods-EHM.release.xcconfig */;
			buildSettings = {
				ASSETCATALOG_COMPILER_APPICON_NAME = AppIcon;
				ASSETCATALOG_COMPILER_GLOBAL_ACCENT_COLOR_NAME = AccentColor;
				CODE_SIGN_STYLE = Automatic;
				CURRENT_PROJECT_VERSION = 1;
				DEVELOPMENT_TEAM = G5T3Z588PS;
				GENERATE_INFOPLIST_FILE = YES;
				INFOPLIST_FILE = EHM/Info.plist;
				INFOPLIST_KEY_UIApplicationSupportsIndirectInputEvents = YES;
				INFOPLIST_KEY_UILaunchStoryboardName = LaunchScreen;
				INFOPLIST_KEY_UIMainStoryboardFile = Main;
				INFOPLIST_KEY_UISupportedInterfaceOrientations_iPad = "UIInterfaceOrientationPortrait UIInterfaceOrientationPortraitUpsideDown UIInterfaceOrientationLandscapeLeft UIInterfaceOrientationLandscapeRight";
				INFOPLIST_KEY_UISupportedInterfaceOrientations_iPhone = "UIInterfaceOrientationPortrait UIInterfaceOrientationLandscapeLeft UIInterfaceOrientationLandscapeRight";
				LD_RUNPATH_SEARCH_PATHS = (
					"$(inherited)",
					"@executable_path/Frameworks",
				);
				MARKETING_VERSION = 1.0;
				PRODUCT_BUNDLE_IDENTIFIER = "Aleksandr-Bekrenev.EHM";
				PRODUCT_NAME = "$(TARGET_NAME)";
				SWIFT_EMIT_LOC_STRINGS = YES;
				SWIFT_VERSION = 5.0;
				TARGETED_DEVICE_FAMILY = "1,2";
			};
			name = Release;
		};
/* End XCBuildConfiguration section */

/* Begin XCConfigurationList section */
		96E12D08291A8E650016081E /* Build configuration list for PBXProject "EHM" */ = {
			isa = XCConfigurationList;
			buildConfigurations = (
				96E12D1F291A8E670016081E /* Debug */,
				96E12D20291A8E670016081E /* Release */,
			);
			defaultConfigurationIsVisible = 0;
			defaultConfigurationName = Release;
		};
		96E12D21291A8E670016081E /* Build configuration list for PBXNativeTarget "EHM" */ = {
			isa = XCConfigurationList;
			buildConfigurations = (
				96E12D22291A8E670016081E /* Debug */,
				96E12D23291A8E670016081E /* Release */,
			);
			defaultConfigurationIsVisible = 0;
			defaultConfigurationName = Release;
		};
/* End XCConfigurationList section */
	};
	rootObject = 96E12D05291A8E650016081E /* Project object */;
}
