// !$*UTF8*$!
{
	archiveVersion = 1;
	classes = {
	};
	objectVersion = 55;
	objects = {

/* Begin PBXBuildFile section */
		96339BE12924DB3000332414 /* AlertPresenter.swift in Sources */ = {isa = PBXBuildFile; fileRef = 96339BE02924DB3000332414 /* AlertPresenter.swift */; };
		96339BE32925480500332414 /* AlertPresenterDelegate.swift in Sources */ = {isa = PBXBuildFile; fileRef = 96339BE22925480500332414 /* AlertPresenterDelegate.swift */; };
		96339BE52925492500332414 /* AlertModel.swift in Sources */ = {isa = PBXBuildFile; fileRef = 96339BE42925492500332414 /* AlertModel.swift */; };
		96339BE7292549F400332414 /* SearchViewController+AlertPresenterDelegate.swift in Sources */ = {isa = PBXBuildFile; fileRef = 96339BE6292549F400332414 /* SearchViewController+AlertPresenterDelegate.swift */; };
		96339BE929254C9700332414 /* SearchError.swift in Sources */ = {isa = PBXBuildFile; fileRef = 96339BE829254C9700332414 /* SearchError.swift */; };
		96339BF029260B8F00332414 /* AlbumViewController.swift in Sources */ = {isa = PBXBuildFile; fileRef = 96339BEF29260B8F00332414 /* AlbumViewController.swift */; };
		96339BF229260BAF00332414 /* BandViewController.swift in Sources */ = {isa = PBXBuildFile; fileRef = 96339BF129260BAF00332414 /* BandViewController.swift */; };
		96339BF52926877B00332414 /* AlbumDataProvider.swift in Sources */ = {isa = PBXBuildFile; fileRef = 96339BF42926877B00332414 /* AlbumDataProvider.swift */; };
		96339BF72926895F00332414 /* DataProviderProtocol.swift in Sources */ = {isa = PBXBuildFile; fileRef = 96339BF62926895F00332414 /* DataProviderProtocol.swift */; };
		96339BF929268AED00332414 /* DataProviderDelegate.swift in Sources */ = {isa = PBXBuildFile; fileRef = 96339BF829268AED00332414 /* DataProviderDelegate.swift */; };
		96339BFB29268B2900332414 /* AlbumViewController+DataProviderDelegate.swift in Sources */ = {isa = PBXBuildFile; fileRef = 96339BFA29268B2900332414 /* AlbumViewController+DataProviderDelegate.swift */; };
		96339BFD292693ED00332414 /* ProvidedData.swift in Sources */ = {isa = PBXBuildFile; fileRef = 96339BFC292693ED00332414 /* ProvidedData.swift */; };
		96339C0129269B9400332414 /* AlbumProvidedData.swift in Sources */ = {isa = PBXBuildFile; fileRef = 96339C0029269B9400332414 /* AlbumProvidedData.swift */; };
		96339C032926A50F00332414 /* BaseModel.swift in Sources */ = {isa = PBXBuildFile; fileRef = 96339C022926A50F00332414 /* BaseModel.swift */; };
		964861C829214B670077C862 /* SearchService.swift in Sources */ = {isa = PBXBuildFile; fileRef = 964861C729214B670077C862 /* SearchService.swift */; };
		964861CA29214BAF0077C862 /* SearchServiceDelegate.swift in Sources */ = {isa = PBXBuildFile; fileRef = 964861C929214BAF0077C862 /* SearchServiceDelegate.swift */; };
		964861CC292206A20077C862 /* SearchViewController+SearchServiceDelegate.swift in Sources */ = {isa = PBXBuildFile; fileRef = 964861CB292206A20077C862 /* SearchViewController+SearchServiceDelegate.swift */; };
		964861CF292207170077C862 /* SearchServiceProtocol.swift in Sources */ = {isa = PBXBuildFile; fileRef = 964861CE292207170077C862 /* SearchServiceProtocol.swift */; };
		964861D12922157C0077C862 /* SearchViewController+UITableViewDataSource.swift in Sources */ = {isa = PBXBuildFile; fileRef = 964861D02922157C0077C862 /* SearchViewController+UITableViewDataSource.swift */; };
		964861D6292231C10077C862 /* SearchResultViewModelItem.swift in Sources */ = {isa = PBXBuildFile; fileRef = 964861D5292231C10077C862 /* SearchResultViewModelItem.swift */; };
		964861D9292234730077C862 /* AlbumViewModelItem.swift in Sources */ = {isa = PBXBuildFile; fileRef = 964861D8292234730077C862 /* AlbumViewModelItem.swift */; };
		964861DB2922348B0077C862 /* SongViewModelItem.swift in Sources */ = {isa = PBXBuildFile; fileRef = 964861DA2922348B0077C862 /* SongViewModelItem.swift */; };
		964861DD292234960077C862 /* BandViewModelItem.swift in Sources */ = {isa = PBXBuildFile; fileRef = 964861DC292234960077C862 /* BandViewModelItem.swift */; };
		964861DF292234DC0077C862 /* SearchViewModelItemType.swift in Sources */ = {isa = PBXBuildFile; fileRef = 964861DE292234DC0077C862 /* SearchViewModelItemType.swift */; };
		964861E12922385F0077C862 /* SearchResultViewModel.swift in Sources */ = {isa = PBXBuildFile; fileRef = 964861E02922385F0077C862 /* SearchResultViewModel.swift */; };
		964861E429225DDB0077C862 /* AlbumCell.swift in Sources */ = {isa = PBXBuildFile; fileRef = 964861E329225DDB0077C862 /* AlbumCell.swift */; };
		964861E629225DE00077C862 /* BandCell.swift in Sources */ = {isa = PBXBuildFile; fileRef = 964861E529225DE00077C862 /* BandCell.swift */; };
		964861E829225DE70077C862 /* SongCell.swift in Sources */ = {isa = PBXBuildFile; fileRef = 964861E729225DE70077C862 /* SongCell.swift */; };
		964861EA292343470077C862 /* SearchViewController+UITableViewDelegate.swift in Sources */ = {isa = PBXBuildFile; fileRef = 964861E9292343470077C862 /* SearchViewController+UITableViewDelegate.swift */; };
		969CD0BC291B994F00EA5409 /* MainTabBarController.swift in Sources */ = {isa = PBXBuildFile; fileRef = 969CD0BB291B994F00EA5409 /* MainTabBarController.swift */; };
		969CD0BE291B9D5B00EA5409 /* SearchViewController.swift in Sources */ = {isa = PBXBuildFile; fileRef = 969CD0BD291B9D5B00EA5409 /* SearchViewController.swift */; };
		969CD0C0291B9D6700EA5409 /* ProfileViewController.swift in Sources */ = {isa = PBXBuildFile; fileRef = 969CD0BF291B9D6700EA5409 /* ProfileViewController.swift */; };
		969CD0CA291FD6DC00EA5409 /* NetworkClient.swift in Sources */ = {isa = PBXBuildFile; fileRef = 969CD0C9291FD6DC00EA5409 /* NetworkClient.swift */; };
		969CD0CC291FD9EA00EA5409 /* SearchViewController+SearchBarDelegate.swift in Sources */ = {isa = PBXBuildFile; fileRef = 969CD0CB291FD9EA00EA5409 /* SearchViewController+SearchBarDelegate.swift */; };
		969CD0CF291FE08B00EA5409 /* Album.swift in Sources */ = {isa = PBXBuildFile; fileRef = 969CD0CE291FE08B00EA5409 /* Album.swift */; };
		969CD0D1291FE3D500EA5409 /* Song.swift in Sources */ = {isa = PBXBuildFile; fileRef = 969CD0D0291FE3D500EA5409 /* Song.swift */; };
		969CD0D3291FE63500EA5409 /* Member.swift in Sources */ = {isa = PBXBuildFile; fileRef = 969CD0D2291FE63500EA5409 /* Member.swift */; };
		969CD0D5291FE75D00EA5409 /* Band.swift in Sources */ = {isa = PBXBuildFile; fileRef = 969CD0D4291FE75D00EA5409 /* Band.swift */; };
		969CD0D72921442A00EA5409 /* SearchResult.swift in Sources */ = {isa = PBXBuildFile; fileRef = 969CD0D62921442A00EA5409 /* SearchResult.swift */; };
		96C68239291B74C8008A9135 /* LaunchViewController.swift in Sources */ = {isa = PBXBuildFile; fileRef = 96C68238291B74C8008A9135 /* LaunchViewController.swift */; };
		96C68240291B76B1008A9135 /* FirstLaunchServiceProtocol.swift in Sources */ = {isa = PBXBuildFile; fileRef = 96C6823F291B76B1008A9135 /* FirstLaunchServiceProtocol.swift */; };
		96C68242291B7739008A9135 /* FirstLaunchService.swift in Sources */ = {isa = PBXBuildFile; fileRef = 96C68241291B7739008A9135 /* FirstLaunchService.swift */; };
		96E12D11291A8E650016081E /* AppDelegate.swift in Sources */ = {isa = PBXBuildFile; fileRef = 96E12D10291A8E650016081E /* AppDelegate.swift */; };
		96E12D13291A8E650016081E /* SceneDelegate.swift in Sources */ = {isa = PBXBuildFile; fileRef = 96E12D12291A8E650016081E /* SceneDelegate.swift */; };
		96E12D15291A8E650016081E /* StartViewController.swift in Sources */ = {isa = PBXBuildFile; fileRef = 96E12D14291A8E650016081E /* StartViewController.swift */; };
		96E12D18291A8E650016081E /* Main.storyboard in Resources */ = {isa = PBXBuildFile; fileRef = 96E12D16291A8E650016081E /* Main.storyboard */; };
		96E12D1A291A8E670016081E /* Assets.xcassets in Resources */ = {isa = PBXBuildFile; fileRef = 96E12D19291A8E670016081E /* Assets.xcassets */; };
		96E12D1D291A8E670016081E /* LaunchScreen.storyboard in Resources */ = {isa = PBXBuildFile; fileRef = 96E12D1B291A8E670016081E /* LaunchScreen.storyboard */; };
		96E12D25291AAC9E0016081E /* UIColor+Extensions.swift in Sources */ = {isa = PBXBuildFile; fileRef = 96E12D24291AAC9E0016081E /* UIColor+Extensions.swift */; };
		96E12D2A291AB11F0016081E /* UIImage+Alpha.swift in Sources */ = {isa = PBXBuildFile; fileRef = 96E12D29291AB11F0016081E /* UIImage+Alpha.swift */; };
/* End PBXBuildFile section */

/* Begin PBXFileReference section */
		96339BE02924DB3000332414 /* AlertPresenter.swift */ = {isa = PBXFileReference; lastKnownFileType = sourcecode.swift; path = AlertPresenter.swift; sourceTree = "<group>"; };
		96339BE22925480500332414 /* AlertPresenterDelegate.swift */ = {isa = PBXFileReference; lastKnownFileType = sourcecode.swift; path = AlertPresenterDelegate.swift; sourceTree = "<group>"; };
		96339BE42925492500332414 /* AlertModel.swift */ = {isa = PBXFileReference; lastKnownFileType = sourcecode.swift; path = AlertModel.swift; sourceTree = "<group>"; };
		96339BE6292549F400332414 /* SearchViewController+AlertPresenterDelegate.swift */ = {isa = PBXFileReference; lastKnownFileType = sourcecode.swift; path = "SearchViewController+AlertPresenterDelegate.swift"; sourceTree = "<group>"; };
		96339BE829254C9700332414 /* SearchError.swift */ = {isa = PBXFileReference; lastKnownFileType = sourcecode.swift; path = SearchError.swift; sourceTree = "<group>"; };
		96339BEF29260B8F00332414 /* AlbumViewController.swift */ = {isa = PBXFileReference; lastKnownFileType = sourcecode.swift; path = AlbumViewController.swift; sourceTree = "<group>"; };
		96339BF129260BAF00332414 /* BandViewController.swift */ = {isa = PBXFileReference; lastKnownFileType = sourcecode.swift; path = BandViewController.swift; sourceTree = "<group>"; };
		96339BF42926877B00332414 /* AlbumDataProvider.swift */ = {isa = PBXFileReference; lastKnownFileType = sourcecode.swift; path = AlbumDataProvider.swift; sourceTree = "<group>"; };
		96339BF62926895F00332414 /* DataProviderProtocol.swift */ = {isa = PBXFileReference; lastKnownFileType = sourcecode.swift; path = DataProviderProtocol.swift; sourceTree = "<group>"; };
		96339BF829268AED00332414 /* DataProviderDelegate.swift */ = {isa = PBXFileReference; lastKnownFileType = sourcecode.swift; path = DataProviderDelegate.swift; sourceTree = "<group>"; };
		96339BFA29268B2900332414 /* AlbumViewController+DataProviderDelegate.swift */ = {isa = PBXFileReference; lastKnownFileType = sourcecode.swift; path = "AlbumViewController+DataProviderDelegate.swift"; sourceTree = "<group>"; };
		96339BFC292693ED00332414 /* ProvidedData.swift */ = {isa = PBXFileReference; lastKnownFileType = sourcecode.swift; path = ProvidedData.swift; sourceTree = "<group>"; };
		96339C0029269B9400332414 /* AlbumProvidedData.swift */ = {isa = PBXFileReference; lastKnownFileType = sourcecode.swift; path = AlbumProvidedData.swift; sourceTree = "<group>"; };
		96339C022926A50F00332414 /* BaseModel.swift */ = {isa = PBXFileReference; lastKnownFileType = sourcecode.swift; path = BaseModel.swift; sourceTree = "<group>"; };
		964861C729214B670077C862 /* SearchService.swift */ = {isa = PBXFileReference; lastKnownFileType = sourcecode.swift; path = SearchService.swift; sourceTree = "<group>"; };
		964861C929214BAF0077C862 /* SearchServiceDelegate.swift */ = {isa = PBXFileReference; lastKnownFileType = sourcecode.swift; path = SearchServiceDelegate.swift; sourceTree = "<group>"; };
		964861CB292206A20077C862 /* SearchViewController+SearchServiceDelegate.swift */ = {isa = PBXFileReference; lastKnownFileType = sourcecode.swift; path = "SearchViewController+SearchServiceDelegate.swift"; sourceTree = "<group>"; };
		964861CE292207170077C862 /* SearchServiceProtocol.swift */ = {isa = PBXFileReference; lastKnownFileType = sourcecode.swift; path = SearchServiceProtocol.swift; sourceTree = "<group>"; };
		964861D02922157C0077C862 /* SearchViewController+UITableViewDataSource.swift */ = {isa = PBXFileReference; lastKnownFileType = sourcecode.swift; path = "SearchViewController+UITableViewDataSource.swift"; sourceTree = "<group>"; };
		964861D5292231C10077C862 /* SearchResultViewModelItem.swift */ = {isa = PBXFileReference; lastKnownFileType = sourcecode.swift; path = SearchResultViewModelItem.swift; sourceTree = "<group>"; };
		964861D8292234730077C862 /* AlbumViewModelItem.swift */ = {isa = PBXFileReference; lastKnownFileType = sourcecode.swift; path = AlbumViewModelItem.swift; sourceTree = "<group>"; };
		964861DA2922348B0077C862 /* SongViewModelItem.swift */ = {isa = PBXFileReference; lastKnownFileType = sourcecode.swift; path = SongViewModelItem.swift; sourceTree = "<group>"; };
		964861DC292234960077C862 /* BandViewModelItem.swift */ = {isa = PBXFileReference; lastKnownFileType = sourcecode.swift; path = BandViewModelItem.swift; sourceTree = "<group>"; };
		964861DE292234DC0077C862 /* SearchViewModelItemType.swift */ = {isa = PBXFileReference; lastKnownFileType = sourcecode.swift; path = SearchViewModelItemType.swift; sourceTree = "<group>"; };
		964861E02922385F0077C862 /* SearchResultViewModel.swift */ = {isa = PBXFileReference; lastKnownFileType = sourcecode.swift; path = SearchResultViewModel.swift; sourceTree = "<group>"; };
		964861E329225DDB0077C862 /* AlbumCell.swift */ = {isa = PBXFileReference; lastKnownFileType = sourcecode.swift; path = AlbumCell.swift; sourceTree = "<group>"; };
		964861E529225DE00077C862 /* BandCell.swift */ = {isa = PBXFileReference; lastKnownFileType = sourcecode.swift; path = BandCell.swift; sourceTree = "<group>"; };
		964861E729225DE70077C862 /* SongCell.swift */ = {isa = PBXFileReference; lastKnownFileType = sourcecode.swift; path = SongCell.swift; sourceTree = "<group>"; };
		964861E9292343470077C862 /* SearchViewController+UITableViewDelegate.swift */ = {isa = PBXFileReference; lastKnownFileType = sourcecode.swift; path = "SearchViewController+UITableViewDelegate.swift"; sourceTree = "<group>"; };
		969CD0BB291B994F00EA5409 /* MainTabBarController.swift */ = {isa = PBXFileReference; lastKnownFileType = sourcecode.swift; path = MainTabBarController.swift; sourceTree = "<group>"; };
		969CD0BD291B9D5B00EA5409 /* SearchViewController.swift */ = {isa = PBXFileReference; lastKnownFileType = sourcecode.swift; path = SearchViewController.swift; sourceTree = "<group>"; };
		969CD0BF291B9D6700EA5409 /* ProfileViewController.swift */ = {isa = PBXFileReference; lastKnownFileType = sourcecode.swift; path = ProfileViewController.swift; sourceTree = "<group>"; };
		969CD0C9291FD6DC00EA5409 /* NetworkClient.swift */ = {isa = PBXFileReference; lastKnownFileType = sourcecode.swift; path = NetworkClient.swift; sourceTree = "<group>"; };
		969CD0CB291FD9EA00EA5409 /* SearchViewController+SearchBarDelegate.swift */ = {isa = PBXFileReference; lastKnownFileType = sourcecode.swift; path = "SearchViewController+SearchBarDelegate.swift"; sourceTree = "<group>"; };
		969CD0CE291FE08B00EA5409 /* Album.swift */ = {isa = PBXFileReference; lastKnownFileType = sourcecode.swift; path = Album.swift; sourceTree = "<group>"; };
		969CD0D0291FE3D500EA5409 /* Song.swift */ = {isa = PBXFileReference; lastKnownFileType = sourcecode.swift; path = Song.swift; sourceTree = "<group>"; };
		969CD0D2291FE63500EA5409 /* Member.swift */ = {isa = PBXFileReference; lastKnownFileType = sourcecode.swift; path = Member.swift; sourceTree = "<group>"; };
		969CD0D4291FE75D00EA5409 /* Band.swift */ = {isa = PBXFileReference; lastKnownFileType = sourcecode.swift; path = Band.swift; sourceTree = "<group>"; };
		969CD0D62921442A00EA5409 /* SearchResult.swift */ = {isa = PBXFileReference; lastKnownFileType = sourcecode.swift; path = SearchResult.swift; sourceTree = "<group>"; };
		96C68238291B74C8008A9135 /* LaunchViewController.swift */ = {isa = PBXFileReference; lastKnownFileType = sourcecode.swift; path = LaunchViewController.swift; sourceTree = "<group>"; };
		96C6823F291B76B1008A9135 /* FirstLaunchServiceProtocol.swift */ = {isa = PBXFileReference; lastKnownFileType = sourcecode.swift; path = FirstLaunchServiceProtocol.swift; sourceTree = "<group>"; };
		96C68241291B7739008A9135 /* FirstLaunchService.swift */ = {isa = PBXFileReference; lastKnownFileType = sourcecode.swift; path = FirstLaunchService.swift; sourceTree = "<group>"; };
		96E12D0D291A8E650016081E /* EHM.app */ = {isa = PBXFileReference; explicitFileType = wrapper.application; includeInIndex = 0; path = EHM.app; sourceTree = BUILT_PRODUCTS_DIR; };
		96E12D10291A8E650016081E /* AppDelegate.swift */ = {isa = PBXFileReference; lastKnownFileType = sourcecode.swift; path = AppDelegate.swift; sourceTree = "<group>"; };
		96E12D12291A8E650016081E /* SceneDelegate.swift */ = {isa = PBXFileReference; lastKnownFileType = sourcecode.swift; path = SceneDelegate.swift; sourceTree = "<group>"; };
		96E12D14291A8E650016081E /* StartViewController.swift */ = {isa = PBXFileReference; lastKnownFileType = sourcecode.swift; path = StartViewController.swift; sourceTree = "<group>"; };
		96E12D17291A8E650016081E /* Base */ = {isa = PBXFileReference; lastKnownFileType = file.storyboard; name = Base; path = Base.lproj/Main.storyboard; sourceTree = "<group>"; };
		96E12D19291A8E670016081E /* Assets.xcassets */ = {isa = PBXFileReference; lastKnownFileType = folder.assetcatalog; path = Assets.xcassets; sourceTree = "<group>"; };
		96E12D1C291A8E670016081E /* Base */ = {isa = PBXFileReference; lastKnownFileType = file.storyboard; name = Base; path = Base.lproj/LaunchScreen.storyboard; sourceTree = "<group>"; };
		96E12D1E291A8E670016081E /* Info.plist */ = {isa = PBXFileReference; lastKnownFileType = text.plist.xml; path = Info.plist; sourceTree = "<group>"; };
		96E12D24291AAC9E0016081E /* UIColor+Extensions.swift */ = {isa = PBXFileReference; lastKnownFileType = sourcecode.swift; path = "UIColor+Extensions.swift"; sourceTree = "<group>"; };
		96E12D29291AB11F0016081E /* UIImage+Alpha.swift */ = {isa = PBXFileReference; lastKnownFileType = sourcecode.swift; path = "UIImage+Alpha.swift"; sourceTree = "<group>"; };
/* End PBXFileReference section */

/* Begin PBXFrameworksBuildPhase section */
		96E12D0A291A8E650016081E /* Frameworks */ = {
			isa = PBXFrameworksBuildPhase;
			buildActionMask = 2147483647;
			files = (
			);
			runOnlyForDeploymentPostprocessing = 0;
		};
/* End PBXFrameworksBuildPhase section */

/* Begin PBXGroup section */
		96339BEA29254E0400332414 /* AlertPresenter */ = {
			isa = PBXGroup;
			children = (
				96339BE02924DB3000332414 /* AlertPresenter.swift */,
				96339BE22925480500332414 /* AlertPresenterDelegate.swift */,
			);
			path = AlertPresenter;
			sourceTree = "<group>";
		};
		96339BEB29260ADD00332414 /* SearchViewController */ = {
			isa = PBXGroup;
			children = (
				969CD0BD291B9D5B00EA5409 /* SearchViewController.swift */,
				969CD0CB291FD9EA00EA5409 /* SearchViewController+SearchBarDelegate.swift */,
				964861CB292206A20077C862 /* SearchViewController+SearchServiceDelegate.swift */,
				96339BE6292549F400332414 /* SearchViewController+AlertPresenterDelegate.swift */,
			);
			path = SearchViewController;
			sourceTree = "<group>";
		};
		96339BEC29260AF800332414 /* AlbumViewController */ = {
			isa = PBXGroup;
			children = (
				96339BEF29260B8F00332414 /* AlbumViewController.swift */,
				96339BFA29268B2900332414 /* AlbumViewController+DataProviderDelegate.swift */,
			);
			path = AlbumViewController;
			sourceTree = "<group>";
		};
		96339BED29260B0A00332414 /* BandViewController */ = {
			isa = PBXGroup;
			children = (
				96339BF129260BAF00332414 /* BandViewController.swift */,
			);
			path = BandViewController;
			sourceTree = "<group>";
		};
		96339BF32926876000332414 /* DataProvider */ = {
			isa = PBXGroup;
			children = (
				96339BF42926877B00332414 /* AlbumDataProvider.swift */,
				96339BF62926895F00332414 /* DataProviderProtocol.swift */,
				96339BF829268AED00332414 /* DataProviderDelegate.swift */,
			);
			path = DataProvider;
			sourceTree = "<group>";
		};
		96339BFE29269B4A00332414 /* BaseModels */ = {
			isa = PBXGroup;
			children = (
				969CD0CE291FE08B00EA5409 /* Album.swift */,
				969CD0D0291FE3D500EA5409 /* Song.swift */,
				969CD0D2291FE63500EA5409 /* Member.swift */,
				969CD0D4291FE75D00EA5409 /* Band.swift */,
				969CD0D62921442A00EA5409 /* SearchResult.swift */,
				96339C022926A50F00332414 /* BaseModel.swift */,
			);
			path = BaseModels;
			sourceTree = "<group>";
		};
		96339BFF29269B6C00332414 /* ProvidedDataModels */ = {
			isa = PBXGroup;
			children = (
				96339C0029269B9400332414 /* AlbumProvidedData.swift */,
			);
			path = ProvidedDataModels;
			sourceTree = "<group>";
		};
		964861CD292207080077C862 /* SearchService */ = {
			isa = PBXGroup;
			children = (
				964861C729214B670077C862 /* SearchService.swift */,
				964861C929214BAF0077C862 /* SearchServiceDelegate.swift */,
				964861CE292207170077C862 /* SearchServiceProtocol.swift */,
				96339BE829254C9700332414 /* SearchError.swift */,
			);
			path = SearchService;
			sourceTree = "<group>";
		};
		964861D229222D7D0077C862 /* TableView */ = {
			isa = PBXGroup;
			children = (
				964861E229225DC70077C862 /* TableViewCells */,
				964861D02922157C0077C862 /* SearchViewController+UITableViewDataSource.swift */,
				964861E9292343470077C862 /* SearchViewController+UITableViewDelegate.swift */,
			);
			path = TableView;
			sourceTree = "<group>";
		};
		964861D7292234650077C862 /* SearchViewModels */ = {
			isa = PBXGroup;
			children = (
				964861DE292234DC0077C862 /* SearchViewModelItemType.swift */,
				964861D5292231C10077C862 /* SearchResultViewModelItem.swift */,
				964861D8292234730077C862 /* AlbumViewModelItem.swift */,
				964861DA2922348B0077C862 /* SongViewModelItem.swift */,
				964861DC292234960077C862 /* BandViewModelItem.swift */,
				964861E02922385F0077C862 /* SearchResultViewModel.swift */,
			);
			path = SearchViewModels;
			sourceTree = "<group>";
		};
		964861E229225DC70077C862 /* TableViewCells */ = {
			isa = PBXGroup;
			children = (
				964861E329225DDB0077C862 /* AlbumCell.swift */,
				964861E529225DE00077C862 /* BandCell.swift */,
				964861E729225DE70077C862 /* SongCell.swift */,
			);
			path = TableViewCells;
			sourceTree = "<group>";
		};
		969CD0C7291FD61700EA5409 /* Search */ = {
			isa = PBXGroup;
			children = (
				96339BED29260B0A00332414 /* BandViewController */,
				96339BEC29260AF800332414 /* AlbumViewController */,
				964861D229222D7D0077C862 /* TableView */,
				96339BEB29260ADD00332414 /* SearchViewController */,
			);
			path = Search;
			sourceTree = "<group>";
		};
		969CD0C8291FD61D00EA5409 /* Profile */ = {
			isa = PBXGroup;
			children = (
				969CD0BF291B9D6700EA5409 /* ProfileViewController.swift */,
			);
			path = Profile;
			sourceTree = "<group>";
		};
		969CD0CD291FE04C00EA5409 /* Models */ = {
			isa = PBXGroup;
			children = (
				96339BFF29269B6C00332414 /* ProvidedDataModels */,
				96339BFE29269B4A00332414 /* BaseModels */,
				964861D7292234650077C862 /* SearchViewModels */,
				96339BE42925492500332414 /* AlertModel.swift */,
				96339BFC292693ED00332414 /* ProvidedData.swift */,
			);
			path = Models;
			sourceTree = "<group>";
		};
		96C6823A291B751C008A9135 /* Services */ = {
			isa = PBXGroup;
			children = (
				96339BF32926876000332414 /* DataProvider */,
				96339BEA29254E0400332414 /* AlertPresenter */,
				964861CD292207080077C862 /* SearchService */,
				96C6823F291B76B1008A9135 /* FirstLaunchServiceProtocol.swift */,
				96C68241291B7739008A9135 /* FirstLaunchService.swift */,
				969CD0C9291FD6DC00EA5409 /* NetworkClient.swift */,
			);
			path = Services;
			sourceTree = "<group>";
		};
		96E12D04291A8E650016081E = {
			isa = PBXGroup;
			children = (
				96E12D0F291A8E650016081E /* EHM */,
				96E12D0E291A8E650016081E /* Products */,
			);
			sourceTree = "<group>";
		};
		96E12D0E291A8E650016081E /* Products */ = {
			isa = PBXGroup;
			children = (
				96E12D0D291A8E650016081E /* EHM.app */,
			);
			name = Products;
			sourceTree = "<group>";
		};
		96E12D0F291A8E650016081E /* EHM */ = {
			isa = PBXGroup;
			children = (
				969CD0CD291FE04C00EA5409 /* Models */,
				96C6823A291B751C008A9135 /* Services */,
				96E12D27291AAEC80016081E /* Helpers */,
				96E12D26291AAEB20016081E /* Presentation */,
				96E12D28291AAEE70016081E /* Resources */,
				96E12D10291A8E650016081E /* AppDelegate.swift */,
				96E12D12291A8E650016081E /* SceneDelegate.swift */,
				96E12D1E291A8E670016081E /* Info.plist */,
			);
			path = EHM;
			sourceTree = "<group>";
		};
		96E12D26291AAEB20016081E /* Presentation */ = {
			isa = PBXGroup;
			children = (
				96E12D16291A8E650016081E /* Main.storyboard */,
				96E12D14291A8E650016081E /* StartViewController.swift */,
				96C68238291B74C8008A9135 /* LaunchViewController.swift */,
				969CD0BB291B994F00EA5409 /* MainTabBarController.swift */,
				969CD0C8291FD61D00EA5409 /* Profile */,
				969CD0C7291FD61700EA5409 /* Search */,
			);
			path = Presentation;
			sourceTree = "<group>";
		};
		96E12D27291AAEC80016081E /* Helpers */ = {
			isa = PBXGroup;
			children = (
				96E12D24291AAC9E0016081E /* UIColor+Extensions.swift */,
				96E12D29291AB11F0016081E /* UIImage+Alpha.swift */,
			);
			path = Helpers;
			sourceTree = "<group>";
		};
		96E12D28291AAEE70016081E /* Resources */ = {
			isa = PBXGroup;
			children = (
				96E12D19291A8E670016081E /* Assets.xcassets */,
				96E12D1B291A8E670016081E /* LaunchScreen.storyboard */,
			);
			path = Resources;
			sourceTree = "<group>";
		};
/* End PBXGroup section */

/* Begin PBXNativeTarget section */
		96E12D0C291A8E650016081E /* EHM */ = {
			isa = PBXNativeTarget;
			buildConfigurationList = 96E12D21291A8E670016081E /* Build configuration list for PBXNativeTarget "EHM" */;
			buildPhases = (
				96E12D09291A8E650016081E /* Sources */,
				96E12D0A291A8E650016081E /* Frameworks */,
				96E12D0B291A8E650016081E /* Resources */,
			);
			buildRules = (
			);
			dependencies = (
			);
			name = EHM;
			productName = EHM;
			productReference = 96E12D0D291A8E650016081E /* EHM.app */;
			productType = "com.apple.product-type.application";
		};
/* End PBXNativeTarget section */

/* Begin PBXProject section */
		96E12D05291A8E650016081E /* Project object */ = {
			isa = PBXProject;
			attributes = {
				BuildIndependentTargetsInParallel = 1;
				LastSwiftUpdateCheck = 1340;
				LastUpgradeCheck = 1340;
				TargetAttributes = {
					96E12D0C291A8E650016081E = {
						CreatedOnToolsVersion = 13.4.1;
					};
				};
			};
			buildConfigurationList = 96E12D08291A8E650016081E /* Build configuration list for PBXProject "EHM" */;
			compatibilityVersion = "Xcode 13.0";
			developmentRegion = en;
			hasScannedForEncodings = 0;
			knownRegions = (
				en,
				Base,
			);
			mainGroup = 96E12D04291A8E650016081E;
			productRefGroup = 96E12D0E291A8E650016081E /* Products */;
			projectDirPath = "";
			projectRoot = "";
			targets = (
				96E12D0C291A8E650016081E /* EHM */,
			);
		};
/* End PBXProject section */

/* Begin PBXResourcesBuildPhase section */
		96E12D0B291A8E650016081E /* Resources */ = {
			isa = PBXResourcesBuildPhase;
			buildActionMask = 2147483647;
			files = (
				96E12D1D291A8E670016081E /* LaunchScreen.storyboard in Resources */,
				96E12D1A291A8E670016081E /* Assets.xcassets in Resources */,
				96E12D18291A8E650016081E /* Main.storyboard in Resources */,
			);
			runOnlyForDeploymentPostprocessing = 0;
		};
/* End PBXResourcesBuildPhase section */

/* Begin PBXSourcesBuildPhase section */
		96E12D09291A8E650016081E /* Sources */ = {
			isa = PBXSourcesBuildPhase;
			buildActionMask = 2147483647;
			files = (
				969CD0BE291B9D5B00EA5409 /* SearchViewController.swift in Sources */,
				96339BF52926877B00332414 /* AlbumDataProvider.swift in Sources */,
				964861E829225DE70077C862 /* SongCell.swift in Sources */,
				964861CC292206A20077C862 /* SearchViewController+SearchServiceDelegate.swift in Sources */,
				96E12D15291A8E650016081E /* StartViewController.swift in Sources */,
				96C68239291B74C8008A9135 /* LaunchViewController.swift in Sources */,
				96339C0129269B9400332414 /* AlbumProvidedData.swift in Sources */,
				964861E429225DDB0077C862 /* AlbumCell.swift in Sources */,
				969CD0BC291B994F00EA5409 /* MainTabBarController.swift in Sources */,
				96E12D11291A8E650016081E /* AppDelegate.swift in Sources */,
				96339BF929268AED00332414 /* DataProviderDelegate.swift in Sources */,
				969CD0CF291FE08B00EA5409 /* Album.swift in Sources */,
				964861DD292234960077C862 /* BandViewModelItem.swift in Sources */,
				96339BE32925480500332414 /* AlertPresenterDelegate.swift in Sources */,
				964861D6292231C10077C862 /* SearchResultViewModelItem.swift in Sources */,
				96339BE12924DB3000332414 /* AlertPresenter.swift in Sources */,
				964861D9292234730077C862 /* AlbumViewModelItem.swift in Sources */,
				96339C032926A50F00332414 /* BaseModel.swift in Sources */,
				969CD0D5291FE75D00EA5409 /* Band.swift in Sources */,
				96339BF029260B8F00332414 /* AlbumViewController.swift in Sources */,
				96C68240291B76B1008A9135 /* FirstLaunchServiceProtocol.swift in Sources */,
				96339BE929254C9700332414 /* SearchError.swift in Sources */,
				96339BE52925492500332414 /* AlertModel.swift in Sources */,
				969CD0C0291B9D6700EA5409 /* ProfileViewController.swift in Sources */,
				964861E12922385F0077C862 /* SearchResultViewModel.swift in Sources */,
				96E12D2A291AB11F0016081E /* UIImage+Alpha.swift in Sources */,
				969CD0D72921442A00EA5409 /* SearchResult.swift in Sources */,
				969CD0D1291FE3D500EA5409 /* Song.swift in Sources */,
				96339BFD292693ED00332414 /* ProvidedData.swift in Sources */,
				96339BE7292549F400332414 /* SearchViewController+AlertPresenterDelegate.swift in Sources */,
				96E12D13291A8E650016081E /* SceneDelegate.swift in Sources */,
				964861DB2922348B0077C862 /* SongViewModelItem.swift in Sources */,
				964861C829214B670077C862 /* SearchService.swift in Sources */,
				96C68242291B7739008A9135 /* FirstLaunchService.swift in Sources */,
				964861EA292343470077C862 /* SearchViewController+UITableViewDelegate.swift in Sources */,
				964861DF292234DC0077C862 /* SearchViewModelItemType.swift in Sources */,
				96339BF229260BAF00332414 /* BandViewController.swift in Sources */,
				969CD0CC291FD9EA00EA5409 /* SearchViewController+SearchBarDelegate.swift in Sources */,
				964861CA29214BAF0077C862 /* SearchServiceDelegate.swift in Sources */,
				96E12D25291AAC9E0016081E /* UIColor+Extensions.swift in Sources */,
				96339BF72926895F00332414 /* DataProviderProtocol.swift in Sources */,
				96339BFB29268B2900332414 /* AlbumViewController+DataProviderDelegate.swift in Sources */,
				969CD0CA291FD6DC00EA5409 /* NetworkClient.swift in Sources */,
				969CD0D3291FE63500EA5409 /* Member.swift in Sources */,
				964861D12922157C0077C862 /* SearchViewController+UITableViewDataSource.swift in Sources */,
				964861E629225DE00077C862 /* BandCell.swift in Sources */,
				964861CF292207170077C862 /* SearchServiceProtocol.swift in Sources */,
			);
			runOnlyForDeploymentPostprocessing = 0;
		};
/* End PBXSourcesBuildPhase section */

/* Begin PBXVariantGroup section */
		96E12D16291A8E650016081E /* Main.storyboard */ = {
			isa = PBXVariantGroup;
			children = (
				96E12D17291A8E650016081E /* Base */,
			);
			name = Main.storyboard;
			sourceTree = "<group>";
		};
		96E12D1B291A8E670016081E /* LaunchScreen.storyboard */ = {
			isa = PBXVariantGroup;
			children = (
				96E12D1C291A8E670016081E /* Base */,
			);
			name = LaunchScreen.storyboard;
			sourceTree = "<group>";
		};
/* End PBXVariantGroup section */

/* Begin XCBuildConfiguration section */
		96E12D1F291A8E670016081E /* Debug */ = {
			isa = XCBuildConfiguration;
			buildSettings = {
				ALWAYS_SEARCH_USER_PATHS = NO;
				CLANG_ANALYZER_NONNULL = YES;
				CLANG_ANALYZER_NUMBER_OBJECT_CONVERSION = YES_AGGRESSIVE;
				CLANG_CXX_LANGUAGE_STANDARD = "gnu++17";
				CLANG_ENABLE_MODULES = YES;
				CLANG_ENABLE_OBJC_ARC = YES;
				CLANG_ENABLE_OBJC_WEAK = YES;
				CLANG_WARN_BLOCK_CAPTURE_AUTORELEASING = YES;
				CLANG_WARN_BOOL_CONVERSION = YES;
				CLANG_WARN_COMMA = YES;
				CLANG_WARN_CONSTANT_CONVERSION = YES;
				CLANG_WARN_DEPRECATED_OBJC_IMPLEMENTATIONS = YES;
				CLANG_WARN_DIRECT_OBJC_ISA_USAGE = YES_ERROR;
				CLANG_WARN_DOCUMENTATION_COMMENTS = YES;
				CLANG_WARN_EMPTY_BODY = YES;
				CLANG_WARN_ENUM_CONVERSION = YES;
				CLANG_WARN_INFINITE_RECURSION = YES;
				CLANG_WARN_INT_CONVERSION = YES;
				CLANG_WARN_NON_LITERAL_NULL_CONVERSION = YES;
				CLANG_WARN_OBJC_IMPLICIT_RETAIN_SELF = YES;
				CLANG_WARN_OBJC_LITERAL_CONVERSION = YES;
				CLANG_WARN_OBJC_ROOT_CLASS = YES_ERROR;
				CLANG_WARN_QUOTED_INCLUDE_IN_FRAMEWORK_HEADER = YES;
				CLANG_WARN_RANGE_LOOP_ANALYSIS = YES;
				CLANG_WARN_STRICT_PROTOTYPES = YES;
				CLANG_WARN_SUSPICIOUS_MOVE = YES;
				CLANG_WARN_UNGUARDED_AVAILABILITY = YES_AGGRESSIVE;
				CLANG_WARN_UNREACHABLE_CODE = YES;
				CLANG_WARN__DUPLICATE_METHOD_MATCH = YES;
				COPY_PHASE_STRIP = NO;
				DEBUG_INFORMATION_FORMAT = dwarf;
				ENABLE_STRICT_OBJC_MSGSEND = YES;
				ENABLE_TESTABILITY = YES;
				GCC_C_LANGUAGE_STANDARD = gnu11;
				GCC_DYNAMIC_NO_PIC = NO;
				GCC_NO_COMMON_BLOCKS = YES;
				GCC_OPTIMIZATION_LEVEL = 0;
				GCC_PREPROCESSOR_DEFINITIONS = (
					"DEBUG=1",
					"$(inherited)",
				);
				GCC_WARN_64_TO_32_BIT_CONVERSION = YES;
				GCC_WARN_ABOUT_RETURN_TYPE = YES_ERROR;
				GCC_WARN_UNDECLARED_SELECTOR = YES;
				GCC_WARN_UNINITIALIZED_AUTOS = YES_AGGRESSIVE;
				GCC_WARN_UNUSED_FUNCTION = YES;
				GCC_WARN_UNUSED_VARIABLE = YES;
				IPHONEOS_DEPLOYMENT_TARGET = 15.5;
				MTL_ENABLE_DEBUG_INFO = INCLUDE_SOURCE;
				MTL_FAST_MATH = YES;
				ONLY_ACTIVE_ARCH = YES;
				SDKROOT = iphoneos;
				SWIFT_ACTIVE_COMPILATION_CONDITIONS = DEBUG;
				SWIFT_OPTIMIZATION_LEVEL = "-Onone";
			};
			name = Debug;
		};
		96E12D20291A8E670016081E /* Release */ = {
			isa = XCBuildConfiguration;
			buildSettings = {
				ALWAYS_SEARCH_USER_PATHS = NO;
				CLANG_ANALYZER_NONNULL = YES;
				CLANG_ANALYZER_NUMBER_OBJECT_CONVERSION = YES_AGGRESSIVE;
				CLANG_CXX_LANGUAGE_STANDARD = "gnu++17";
				CLANG_ENABLE_MODULES = YES;
				CLANG_ENABLE_OBJC_ARC = YES;
				CLANG_ENABLE_OBJC_WEAK = YES;
				CLANG_WARN_BLOCK_CAPTURE_AUTORELEASING = YES;
				CLANG_WARN_BOOL_CONVERSION = YES;
				CLANG_WARN_COMMA = YES;
				CLANG_WARN_CONSTANT_CONVERSION = YES;
				CLANG_WARN_DEPRECATED_OBJC_IMPLEMENTATIONS = YES;
				CLANG_WARN_DIRECT_OBJC_ISA_USAGE = YES_ERROR;
				CLANG_WARN_DOCUMENTATION_COMMENTS = YES;
				CLANG_WARN_EMPTY_BODY = YES;
				CLANG_WARN_ENUM_CONVERSION = YES;
				CLANG_WARN_INFINITE_RECURSION = YES;
				CLANG_WARN_INT_CONVERSION = YES;
				CLANG_WARN_NON_LITERAL_NULL_CONVERSION = YES;
				CLANG_WARN_OBJC_IMPLICIT_RETAIN_SELF = YES;
				CLANG_WARN_OBJC_LITERAL_CONVERSION = YES;
				CLANG_WARN_OBJC_ROOT_CLASS = YES_ERROR;
				CLANG_WARN_QUOTED_INCLUDE_IN_FRAMEWORK_HEADER = YES;
				CLANG_WARN_RANGE_LOOP_ANALYSIS = YES;
				CLANG_WARN_STRICT_PROTOTYPES = YES;
				CLANG_WARN_SUSPICIOUS_MOVE = YES;
				CLANG_WARN_UNGUARDED_AVAILABILITY = YES_AGGRESSIVE;
				CLANG_WARN_UNREACHABLE_CODE = YES;
				CLANG_WARN__DUPLICATE_METHOD_MATCH = YES;
				COPY_PHASE_STRIP = NO;
				DEBUG_INFORMATION_FORMAT = "dwarf-with-dsym";
				ENABLE_NS_ASSERTIONS = NO;
				ENABLE_STRICT_OBJC_MSGSEND = YES;
				GCC_C_LANGUAGE_STANDARD = gnu11;
				GCC_NO_COMMON_BLOCKS = YES;
				GCC_WARN_64_TO_32_BIT_CONVERSION = YES;
				GCC_WARN_ABOUT_RETURN_TYPE = YES_ERROR;
				GCC_WARN_UNDECLARED_SELECTOR = YES;
				GCC_WARN_UNINITIALIZED_AUTOS = YES_AGGRESSIVE;
				GCC_WARN_UNUSED_FUNCTION = YES;
				GCC_WARN_UNUSED_VARIABLE = YES;
				IPHONEOS_DEPLOYMENT_TARGET = 15.5;
				MTL_ENABLE_DEBUG_INFO = NO;
				MTL_FAST_MATH = YES;
				SDKROOT = iphoneos;
				SWIFT_COMPILATION_MODE = wholemodule;
				SWIFT_OPTIMIZATION_LEVEL = "-O";
				VALIDATE_PRODUCT = YES;
			};
			name = Release;
		};
		96E12D22291A8E670016081E /* Debug */ = {
			isa = XCBuildConfiguration;
			buildSettings = {
				ASSETCATALOG_COMPILER_APPICON_NAME = AppIcon;
				ASSETCATALOG_COMPILER_GLOBAL_ACCENT_COLOR_NAME = AccentColor;
				CODE_SIGN_STYLE = Automatic;
				CURRENT_PROJECT_VERSION = 1;
				DEVELOPMENT_TEAM = G5T3Z588PS;
				GENERATE_INFOPLIST_FILE = YES;
				INFOPLIST_FILE = EHM/Info.plist;
				INFOPLIST_KEY_UIApplicationSupportsIndirectInputEvents = YES;
				INFOPLIST_KEY_UILaunchStoryboardName = LaunchScreen;
				INFOPLIST_KEY_UIMainStoryboardFile = Main;
				INFOPLIST_KEY_UISupportedInterfaceOrientations_iPad = "UIInterfaceOrientationPortrait UIInterfaceOrientationPortraitUpsideDown UIInterfaceOrientationLandscapeLeft UIInterfaceOrientationLandscapeRight";
				INFOPLIST_KEY_UISupportedInterfaceOrientations_iPhone = "UIInterfaceOrientationPortrait UIInterfaceOrientationLandscapeLeft UIInterfaceOrientationLandscapeRight";
				LD_RUNPATH_SEARCH_PATHS = (
					"$(inherited)",
					"@executable_path/Frameworks",
				);
				MARKETING_VERSION = 1.0;
				PRODUCT_BUNDLE_IDENTIFIER = "Aleksandr-Bekrenev.EHM";
				PRODUCT_NAME = "$(TARGET_NAME)";
				SWIFT_EMIT_LOC_STRINGS = YES;
				SWIFT_VERSION = 5.0;
				TARGETED_DEVICE_FAMILY = "1,2";
			};
			name = Debug;
		};
		96E12D23291A8E670016081E /* Release */ = {
			isa = XCBuildConfiguration;
			buildSettings = {
				ASSETCATALOG_COMPILER_APPICON_NAME = AppIcon;
				ASSETCATALOG_COMPILER_GLOBAL_ACCENT_COLOR_NAME = AccentColor;
				CODE_SIGN_STYLE = Automatic;
				CURRENT_PROJECT_VERSION = 1;
				DEVELOPMENT_TEAM = G5T3Z588PS;
				GENERATE_INFOPLIST_FILE = YES;
				INFOPLIST_FILE = EHM/Info.plist;
				INFOPLIST_KEY_UIApplicationSupportsIndirectInputEvents = YES;
				INFOPLIST_KEY_UILaunchStoryboardName = LaunchScreen;
				INFOPLIST_KEY_UIMainStoryboardFile = Main;
				INFOPLIST_KEY_UISupportedInterfaceOrientations_iPad = "UIInterfaceOrientationPortrait UIInterfaceOrientationPortraitUpsideDown UIInterfaceOrientationLandscapeLeft UIInterfaceOrientationLandscapeRight";
				INFOPLIST_KEY_UISupportedInterfaceOrientations_iPhone = "UIInterfaceOrientationPortrait UIInterfaceOrientationLandscapeLeft UIInterfaceOrientationLandscapeRight";
				LD_RUNPATH_SEARCH_PATHS = (
					"$(inherited)",
					"@executable_path/Frameworks",
				);
				MARKETING_VERSION = 1.0;
				PRODUCT_BUNDLE_IDENTIFIER = "Aleksandr-Bekrenev.EHM";
				PRODUCT_NAME = "$(TARGET_NAME)";
				SWIFT_EMIT_LOC_STRINGS = YES;
				SWIFT_VERSION = 5.0;
				TARGETED_DEVICE_FAMILY = "1,2";
			};
			name = Release;
		};
/* End XCBuildConfiguration section */

/* Begin XCConfigurationList section */
		96E12D08291A8E650016081E /* Build configuration list for PBXProject "EHM" */ = {
			isa = XCConfigurationList;
			buildConfigurations = (
				96E12D1F291A8E670016081E /* Debug */,
				96E12D20291A8E670016081E /* Release */,
			);
			defaultConfigurationIsVisible = 0;
			defaultConfigurationName = Release;
		};
		96E12D21291A8E670016081E /* Build configuration list for PBXNativeTarget "EHM" */ = {
			isa = XCConfigurationList;
			buildConfigurations = (
				96E12D22291A8E670016081E /* Debug */,
				96E12D23291A8E670016081E /* Release */,
			);
			defaultConfigurationIsVisible = 0;
			defaultConfigurationName = Release;
		};
/* End XCConfigurationList section */
	};
	rootObject = 96E12D05291A8E650016081E /* Project object */;
}
